// !$*UTF8*$!
{
	archiveVersion = 1;
	classes = {
	};
	objectVersion = 51;
	objects = {

/* Begin PBXBuildFile section */
		1C3A339A011E4335FC3CC3D2 /* Pods_Groupic.framework in Frameworks */ = {isa = PBXBuildFile; fileRef = DF5DFF72B84D272415E73451 /* Pods_Groupic.framework */; };
		52C9769C7D19BB641E003CB1 /* Pods_GroupicTests.framework in Frameworks */ = {isa = PBXBuildFile; fileRef = 42FF11F326DF1A7F7141191B /* Pods_GroupicTests.framework */; };
		87123D9D283B69780071F563 /* EventInviteButton.swift in Sources */ = {isa = PBXBuildFile; fileRef = 87123D9C283B69780071F563 /* EventInviteButton.swift */; };
		87123D9F283B737B0071F563 /* InviteUidModel.swift in Sources */ = {isa = PBXBuildFile; fileRef = 87123D9E283B737B0071F563 /* InviteUidModel.swift */; };
		87123DA2283BAD5A0071F563 /* EventNotificationView.swift in Sources */ = {isa = PBXBuildFile; fileRef = 87123DA1283BAD5A0071F563 /* EventNotificationView.swift */; };
		87123DA4283BAD750071F563 /* UserNotificationView.swift in Sources */ = {isa = PBXBuildFile; fileRef = 87123DA3283BAD750071F563 /* UserNotificationView.swift */; };
		87123DA7283BBA4A0071F563 /* EventCard.swift in Sources */ = {isa = PBXBuildFile; fileRef = 87123DA6283BBA4A0071F563 /* EventCard.swift */; };
		87123DA9283BCA0A0071F563 /* EventCardNotificationView.swift in Sources */ = {isa = PBXBuildFile; fileRef = 87123DA8283BCA0A0071F563 /* EventCardNotificationView.swift */; };
		87123DAB283BD3BE0071F563 /* EventCardEventUserPicsView.swift in Sources */ = {isa = PBXBuildFile; fileRef = 87123DAA283BD3BE0071F563 /* EventCardEventUserPicsView.swift */; };
		87123DAD283BD43D0071F563 /* EventCardEventContent.swift in Sources */ = {isa = PBXBuildFile; fileRef = 87123DAC283BD43D0071F563 /* EventCardEventContent.swift */; };
		87123DAF283D827D0071F563 /* EventViewNoContactView.swift in Sources */ = {isa = PBXBuildFile; fileRef = 87123DAE283D827D0071F563 /* EventViewNoContactView.swift */; };
		872119D0283AD847005F760A /* AddShow.swift in Sources */ = {isa = PBXBuildFile; fileRef = 872119CF283AD847005F760A /* AddShow.swift */; };
		8726C8E1274BE9BB006AF1DB /* ImagePicker.swift in Sources */ = {isa = PBXBuildFile; fileRef = 8726C8E0274BE9BB006AF1DB /* ImagePicker.swift */; };
		8738ECB827A1EEB0009A575A /* SocialEndView.swift in Sources */ = {isa = PBXBuildFile; fileRef = 8738ECB727A1EEB0009A575A /* SocialEndView.swift */; };
		87391072276792A400D6D090 /* SocialFriendsEventsView.swift in Sources */ = {isa = PBXBuildFile; fileRef = 87391071276792A400D6D090 /* SocialFriendsEventsView.swift */; };
		873E23C82779F25900CAE2E1 /* CustomTabView.swift in Sources */ = {isa = PBXBuildFile; fileRef = 873E23C72779F25900CAE2E1 /* CustomTabView.swift */; };
		873E23CC277A210500CAE2E1 /* PopUpButtonView.swift in Sources */ = {isa = PBXBuildFile; fileRef = 873E23CB277A210500CAE2E1 /* PopUpButtonView.swift */; };
		8742C0E4274EC91C008A3AAB /* FormViewModel.swift in Sources */ = {isa = PBXBuildFile; fileRef = 8742C0E3274EC91C008A3AAB /* FormViewModel.swift */; };
		874C956E274FAE6700466D22 /* PasswordStatus.swift in Sources */ = {isa = PBXBuildFile; fileRef = 874C956D274FAE6700466D22 /* PasswordStatus.swift */; };
		874C9601278C71D100E94A6E /* PostCardService.swift in Sources */ = {isa = PBXBuildFile; fileRef = 874C9600278C71D100E94A6E /* PostCardService.swift */; };
		87535A062791E3210064EB0C /* PulltoRefreshAnimationView.swift in Sources */ = {isa = PBXBuildFile; fileRef = 87535A052791E3210064EB0C /* PulltoRefreshAnimationView.swift */; };
		87535A0A2791ED6F0064EB0C /* TabView.swift in Sources */ = {isa = PBXBuildFile; fileRef = 87535A092791ED6F0064EB0C /* TabView.swift */; };
		8755694C279F4D48002605FA /* MidTabBarView.swift in Sources */ = {isa = PBXBuildFile; fileRef = 8755694B279F4D48002605FA /* MidTabBarView.swift */; };
		875A11C427930D00000E181F /* PostCardView.swift in Sources */ = {isa = PBXBuildFile; fileRef = 875A11C327930D00000E181F /* PostCardView.swift */; };
		875A74AB277E1F0E00F6B59D /* PostModel.swift in Sources */ = {isa = PBXBuildFile; fileRef = 875A74AA277E1F0E00F6B59D /* PostModel.swift */; };
		8760E57027FB6B3200A7D240 /* ProfileSettingsViewTabView.swift in Sources */ = {isa = PBXBuildFile; fileRef = 8760E56F27FB6B3200A7D240 /* ProfileSettingsViewTabView.swift */; };
		8760E57227FC781D00A7D240 /* ProfileSettingsViewProfileHeader.swift in Sources */ = {isa = PBXBuildFile; fileRef = 8760E57127FC781D00A7D240 /* ProfileSettingsViewProfileHeader.swift */; };
		8760E57527FC7FF800A7D240 /* BackImagePicker.swift in Sources */ = {isa = PBXBuildFile; fileRef = 8760E57427FC7FF800A7D240 /* BackImagePicker.swift */; };
		8762941A2795B994007195BD /* SettingsView.swift in Sources */ = {isa = PBXBuildFile; fileRef = 876294192795B994007195BD /* SettingsView.swift */; };
		876585DB279F2290005A3EFD /* DropDownMenuView.swift in Sources */ = {isa = PBXBuildFile; fileRef = 876585DA279F2290005A3EFD /* DropDownMenuView.swift */; };
		876585DD279F22C0005A3EFD /* HorizontalView.swift in Sources */ = {isa = PBXBuildFile; fileRef = 876585DC279F22C0005A3EFD /* HorizontalView.swift */; };
		876585DF279F22E7005A3EFD /* Picture.swift in Sources */ = {isa = PBXBuildFile; fileRef = 876585DE279F22E7005A3EFD /* Picture.swift */; };
		876585E1279F22FF005A3EFD /* Pictures.swift in Sources */ = {isa = PBXBuildFile; fileRef = 876585E0279F22FF005A3EFD /* Pictures.swift */; };
		8767DDF3278469F0008E4B55 /* ProfileHeader.swift in Sources */ = {isa = PBXBuildFile; fileRef = 8767DDF2278469F0008E4B55 /* ProfileHeader.swift */; };
		8767DDF927846FC3008E4B55 /* EventView.swift in Sources */ = {isa = PBXBuildFile; fileRef = 8767DDF827846FC3008E4B55 /* EventView.swift */; };
		876A84A8282ACCFA007786A3 /* LayoutImages.swift in Sources */ = {isa = PBXBuildFile; fileRef = 876A84A7282ACCFA007786A3 /* LayoutImages.swift */; };
		876AF08327DF7C4800FEF21A /* SearchService.swift in Sources */ = {isa = PBXBuildFile; fileRef = 876AF08227DF7C4800FEF21A /* SearchService.swift */; };
		876AF08627DF80DF00FEF21A /* UserProfile.swift in Sources */ = {isa = PBXBuildFile; fileRef = 876AF08527DF80DF00FEF21A /* UserProfile.swift */; };
		876AF08927DF9CCB00FEF21A /* SearchBar.swift in Sources */ = {isa = PBXBuildFile; fileRef = 876AF08827DF9CCB00FEF21A /* SearchBar.swift */; };
		876AF08C27E3804F00FEF21A /* FollowService.swift in Sources */ = {isa = PBXBuildFile; fileRef = 876AF08B27E3804F00FEF21A /* FollowService.swift */; };
		876AF08E27E3AC5E00FEF21A /* FollowButton.swift in Sources */ = {isa = PBXBuildFile; fileRef = 876AF08D27E3AC5E00FEF21A /* FollowButton.swift */; };
		87700E1627E52DB100841E5B /* UserProfileView.swift in Sources */ = {isa = PBXBuildFile; fileRef = 87700E1527E52DB100841E5B /* UserProfileView.swift */; };
		87700E1927E5324000841E5B /* UserProfileHeader.swift in Sources */ = {isa = PBXBuildFile; fileRef = 87700E1827E5324000841E5B /* UserProfileHeader.swift */; };
		87700E1B27E6680A00841E5B /* SearchUserPostView.swift in Sources */ = {isa = PBXBuildFile; fileRef = 87700E1A27E6680A00841E5B /* SearchUserPostView.swift */; };
		87700E1D27E668BF00841E5B /* UserMidTabBar.swift in Sources */ = {isa = PBXBuildFile; fileRef = 87700E1C27E668BF00841E5B /* UserMidTabBar.swift */; };
		87700E1F27E67FC000841E5B /* UserTabView.swift in Sources */ = {isa = PBXBuildFile; fileRef = 87700E1E27E67FC000841E5B /* UserTabView.swift */; };
		87700E2127E8D17C00841E5B /* UserPostCardView.swift in Sources */ = {isa = PBXBuildFile; fileRef = 87700E2027E8D17C00841E5B /* UserPostCardView.swift */; };
		87700E2427E8D34300841E5B /* UserEventView.swift in Sources */ = {isa = PBXBuildFile; fileRef = 87700E2327E8D34300841E5B /* UserEventView.swift */; };
		877C3CBC278EE08B00D59EEC /* ProfileService.swift in Sources */ = {isa = PBXBuildFile; fileRef = 877C3CBB278EE08B00D59EEC /* ProfileService.swift */; };
		877C3CBF278EE4D200D59EEC /* PostCardTest.swift in Sources */ = {isa = PBXBuildFile; fileRef = 877C3CBE278EE4D200D59EEC /* PostCardTest.swift */; };
		877C3CC3278EEFBA00D59EEC /* PostCardBottomView.swift in Sources */ = {isa = PBXBuildFile; fileRef = 877C3CC2278EEFBA00D59EEC /* PostCardBottomView.swift */; };
		877C3CC5278EF74100D59EEC /* UserPostView.swift in Sources */ = {isa = PBXBuildFile; fileRef = 877C3CC4278EF74100D59EEC /* UserPostView.swift */; };
		878655A6278383E700246351 /* PostService.swift in Sources */ = {isa = PBXBuildFile; fileRef = 878655A5278383E700246351 /* PostService.swift */; };
		878EC9C827614F2200639884 /* AddEventView.swift in Sources */ = {isa = PBXBuildFile; fileRef = 878EC9C727614F2200639884 /* AddEventView.swift */; };
		878EC9CA27614F6300639884 /* NotificationsView.swift in Sources */ = {isa = PBXBuildFile; fileRef = 878EC9C927614F6300639884 /* NotificationsView.swift */; };
		87929093274CF35400B534C9 /* Extensions.swift in Sources */ = {isa = PBXBuildFile; fileRef = 87929092274CF35400B534C9 /* Extensions.swift */; };
		87929096274D08C000B534C9 /* AuthService.swift in Sources */ = {isa = PBXBuildFile; fileRef = 87929095274D08C000B534C9 /* AuthService.swift */; };
		8792909A274D097600B534C9 /* StorageService.swift in Sources */ = {isa = PBXBuildFile; fileRef = 87929099274D097600B534C9 /* StorageService.swift */; };
		879A9CFC28350BCF00F7E98A /* UserHighlightPostView.swift in Sources */ = {isa = PBXBuildFile; fileRef = 879A9CFB28350BCF00F7E98A /* UserHighlightPostView.swift */; };
		879A9CFE28350E2F00F7E98A /* UserFutureUserPostView.swift in Sources */ = {isa = PBXBuildFile; fileRef = 879A9CFD28350E2F00F7E98A /* UserFutureUserPostView.swift */; };
		879A9D002835A30800F7E98A /* UidCheckUserModel.swift in Sources */ = {isa = PBXBuildFile; fileRef = 879A9CFF2835A30800F7E98A /* UidCheckUserModel.swift */; };
		879A9D022835E40900F7E98A /* AddContactsView.swift in Sources */ = {isa = PBXBuildFile; fileRef = 879A9D012835E40900F7E98A /* AddContactsView.swift */; };
		87B205EE28186F1D0072B7CF /* ReautheticationView.swift in Sources */ = {isa = PBXBuildFile; fileRef = 87B205ED28186F1D0072B7CF /* ReautheticationView.swift */; };
		87B205F02818A7300072B7CF /* VerificationReauthetificationView.swift in Sources */ = {isa = PBXBuildFile; fileRef = 87B205EF2818A7300072B7CF /* VerificationReauthetificationView.swift */; };
		87B205F228196CD20072B7CF /* ErrorSendEmailView.swift in Sources */ = {isa = PBXBuildFile; fileRef = 87B205F128196CD20072B7CF /* ErrorSendEmailView.swift */; };
		87B205F4281982EC0072B7CF /* ReEmailView.swift in Sources */ = {isa = PBXBuildFile; fileRef = 87B205F3281982EC0072B7CF /* ReEmailView.swift */; };
		87B205F6281A025C0072B7CF /* ReautheticationPasswordView.swift in Sources */ = {isa = PBXBuildFile; fileRef = 87B205F5281A025C0072B7CF /* ReautheticationPasswordView.swift */; };
		87B205F9281AE79C0072B7CF /* EventViewHeader.swift in Sources */ = {isa = PBXBuildFile; fileRef = 87B205F8281AE79C0072B7CF /* EventViewHeader.swift */; };
		87B205FB281DB2270072B7CF /* EventNameView.swift in Sources */ = {isa = PBXBuildFile; fileRef = 87B205FA281DB2270072B7CF /* EventNameView.swift */; };
		87B205FD281DBDB70072B7CF /* TextEditFieldBlack.swift in Sources */ = {isa = PBXBuildFile; fileRef = 87B205FC281DBDB70072B7CF /* TextEditFieldBlack.swift */; };
		87B205FF281F08A20072B7CF /* ChangeEventModeView.swift in Sources */ = {isa = PBXBuildFile; fileRef = 87B205FE281F08A20072B7CF /* ChangeEventModeView.swift */; };
		87B20601281F279F0072B7CF /* DeleteEventView.swift in Sources */ = {isa = PBXBuildFile; fileRef = 87B20600281F279F0072B7CF /* DeleteEventView.swift */; };
		87B20605282019E80072B7CF /* PostPicturesViewModel.swift in Sources */ = {isa = PBXBuildFile; fileRef = 87B20604282019E80072B7CF /* PostPicturesViewModel.swift */; };
		87B2060728205B810072B7CF /* EventUserPicsView.swift in Sources */ = {isa = PBXBuildFile; fileRef = 87B2060628205B810072B7CF /* EventUserPicsView.swift */; };
		87B2060A282060020072B7CF /* HorizontalPicView.swift in Sources */ = {isa = PBXBuildFile; fileRef = 87B20609282060020072B7CF /* HorizontalPicView.swift */; };
		87B2060C282142450072B7CF /* ImagePickerMultiple.swift in Sources */ = {isa = PBXBuildFile; fileRef = 87B2060B282142450072B7CF /* ImagePickerMultiple.swift */; };
		87B2060E2821E3090072B7CF /* EventContentView.swift in Sources */ = {isa = PBXBuildFile; fileRef = 87B2060D2821E3090072B7CF /* EventContentView.swift */; };
		87B206102822021B0072B7CF /* EventContentModel.swift in Sources */ = {isa = PBXBuildFile; fileRef = 87B2060F2822021B0072B7CF /* EventContentModel.swift */; };
		87B2061228235FA30072B7CF /* EventQuoteView.swift in Sources */ = {isa = PBXBuildFile; fileRef = 87B2061128235FA20072B7CF /* EventQuoteView.swift */; };
		87B45EDF28089BF0001F1FEA /* VerificationView.swift in Sources */ = {isa = PBXBuildFile; fileRef = 87B45EDE28089BF0001F1FEA /* VerificationView.swift */; };
		87C2ADC52800B19D0031D5D9 /* FutureSearchUserPostView.swift in Sources */ = {isa = PBXBuildFile; fileRef = 87C2ADC42800B19D0031D5D9 /* FutureSearchUserPostView.swift */; };
		87C2ADC72800B2760031D5D9 /* UserContactsView.swift in Sources */ = {isa = PBXBuildFile; fileRef = 87C2ADC62800B2760031D5D9 /* UserContactsView.swift */; };
		87C2ADC92801B41B0031D5D9 /* HighlightButton.swift in Sources */ = {isa = PBXBuildFile; fileRef = 87C2ADC82801B41B0031D5D9 /* HighlightButton.swift */; };
		87C2ADCB2801C4350031D5D9 /* HighlightPostView.swift in Sources */ = {isa = PBXBuildFile; fileRef = 87C2ADCA2801C4350031D5D9 /* HighlightPostView.swift */; };
		87C2ADCD2801C48F0031D5D9 /* HighlightPostCardView.swift in Sources */ = {isa = PBXBuildFile; fileRef = 87C2ADCC2801C48F0031D5D9 /* HighlightPostCardView.swift */; };
		87C2ADCF2801D54B0031D5D9 /* HighlightButtonSwitched.swift in Sources */ = {isa = PBXBuildFile; fileRef = 87C2ADCE2801D54B0031D5D9 /* HighlightButtonSwitched.swift */; };
		87C2ADD1280350DB0031D5D9 /* SocialUserPostView.swift in Sources */ = {isa = PBXBuildFile; fileRef = 87C2ADD0280350DB0031D5D9 /* SocialUserPostView.swift */; };
		87C2ADD32803541A0031D5D9 /* SocialPostCardView.swift in Sources */ = {isa = PBXBuildFile; fileRef = 87C2ADD22803541A0031D5D9 /* SocialPostCardView.swift */; };
		87C2ADD528035E130031D5D9 /* FollowEventButton.swift in Sources */ = {isa = PBXBuildFile; fileRef = 87C2ADD428035E130031D5D9 /* FollowEventButton.swift */; };
		87C2ADD728035F4D0031D5D9 /* PostUidModel.swift in Sources */ = {isa = PBXBuildFile; fileRef = 87C2ADD628035F4D0031D5D9 /* PostUidModel.swift */; };
		87C2ADE2280497E10031D5D9 /* TextEditField.swift in Sources */ = {isa = PBXBuildFile; fileRef = 87C2ADE1280497E10031D5D9 /* TextEditField.swift */; };
		87CAF00527FE0FDC002B4073 /* PersonInfoViewNoPictures.swift in Sources */ = {isa = PBXBuildFile; fileRef = 87CAF00427FE0FDC002B4073 /* PersonInfoViewNoPictures.swift */; };
		87CAF00727FE110F002B4073 /* RegisterButtonNoPictures.swift in Sources */ = {isa = PBXBuildFile; fileRef = 87CAF00627FE110F002B4073 /* RegisterButtonNoPictures.swift */; };
		87F905DD280B612400993128 /* ForgotPasswordView.swift in Sources */ = {isa = PBXBuildFile; fileRef = 87F905DC280B612400993128 /* ForgotPasswordView.swift */; };
		87F905DF280E04B400993128 /* CheckBoxView.swift in Sources */ = {isa = PBXBuildFile; fileRef = 87F905DE280E04B400993128 /* CheckBoxView.swift */; };
		87F905E228107C4F00993128 /* AGBView.swift in Sources */ = {isa = PBXBuildFile; fileRef = 87F905E128107C4F00993128 /* AGBView.swift */; };
		87F905E428107C6400993128 /* DatenschutzView.swift in Sources */ = {isa = PBXBuildFile; fileRef = 87F905E328107C6400993128 /* DatenschutzView.swift */; };
		87F905E628107E0900993128 /* WebView.swift in Sources */ = {isa = PBXBuildFile; fileRef = 87F905E528107E0900993128 /* WebView.swift */; };
		87F905E82811B6E100993128 /* SupportView.swift in Sources */ = {isa = PBXBuildFile; fileRef = 87F905E72811B6E100993128 /* SupportView.swift */; };
		87F905ED2814BA9000993128 /* ProfileSettingsTextEditField.swift in Sources */ = {isa = PBXBuildFile; fileRef = 87F905EC2814BA9000993128 /* ProfileSettingsTextEditField.swift */; };
		87FA47532767F28800D0703D /* GoogleService-Info.plist in Resources */ = {isa = PBXBuildFile; fileRef = 87FA47522767F28800D0703D /* GoogleService-Info.plist */; };
		87FFFCD627EE00D100E64F1D /* EventFollowService.swift in Sources */ = {isa = PBXBuildFile; fileRef = 87FFFCD527EE00D100E64F1D /* EventFollowService.swift */; };
		87FFFCD827EE026600E64F1D /* EventService.swift in Sources */ = {isa = PBXBuildFile; fileRef = 87FFFCD727EE026600E64F1D /* EventService.swift */; };
		87FFFCDA27EE118D00E64F1D /* SaveFile.swift in Sources */ = {isa = PBXBuildFile; fileRef = 87FFFCD927EE118D00E64F1D /* SaveFile.swift */; };
		87FFFCE327EE66AB00E64F1D /* ContactsView.swift in Sources */ = {isa = PBXBuildFile; fileRef = 87FFFCE227EE66AB00E64F1D /* ContactsView.swift */; };
		87FFFCE527F0E3DB00E64F1D /* UidUserModel.swift in Sources */ = {isa = PBXBuildFile; fileRef = 87FFFCE427F0E3DB00E64F1D /* UidUserModel.swift */; };
		87FFFCE927F22F0500E64F1D /* FutureUserPostView.swift in Sources */ = {isa = PBXBuildFile; fileRef = 87FFFCE827F22F0500E64F1D /* FutureUserPostView.swift */; };
		87FFFCEC27F2E5AB00E64F1D /* ProfileSettingsView.swift in Sources */ = {isa = PBXBuildFile; fileRef = 87FFFCEB27F2E5AB00E64F1D /* ProfileSettingsView.swift */; };
		DC3AA6A82701F6EB002B2649 /* LoginView.swift in Sources */ = {isa = PBXBuildFile; fileRef = DC3AA6A72701F6EB002B2649 /* LoginView.swift */; };
		DC3AA6B527021C90002B2649 /* ContentView.swift in Sources */ = {isa = PBXBuildFile; fileRef = DC3AA6B427021C90002B2649 /* ContentView.swift */; };
		DC3AA6CD270601C4002B2649 /* RegistrationView.swift in Sources */ = {isa = PBXBuildFile; fileRef = DC3AA6CC270601C4002B2649 /* RegistrationView.swift */; };
		DC3AA6D5270A4601002B2649 /* ErrorView.swift in Sources */ = {isa = PBXBuildFile; fileRef = DC3AA6D4270A4601002B2649 /* ErrorView.swift */; };
		DC3AA6E7270B0CFD002B2649 /* AppDelegate.swift in Sources */ = {isa = PBXBuildFile; fileRef = DC3AA6E6270B0CFD002B2649 /* AppDelegate.swift */; };
		DC3AA6F2270B1E49002B2649 /* PersonInfoView.swift in Sources */ = {isa = PBXBuildFile; fileRef = DC3AA6F1270B1E49002B2649 /* PersonInfoView.swift */; };
		DC3AA703270BA182002B2649 /* SecureTextEditField.swift in Sources */ = {isa = PBXBuildFile; fileRef = DC3AA702270BA182002B2649 /* SecureTextEditField.swift */; };
		DC3AA71E270BACD1002B2649 /* RegisterButton.swift in Sources */ = {isa = PBXBuildFile; fileRef = DC3AA71D270BACD1002B2649 /* RegisterButton.swift */; };
		DC3AA751270CA480002B2649 /* UserModel.swift in Sources */ = {isa = PBXBuildFile; fileRef = DC3AA750270CA480002B2649 /* UserModel.swift */; };
		DC3AA7702714C365002B2649 /* SessionStore.swift in Sources */ = {isa = PBXBuildFile; fileRef = DC3AA76F2714C365002B2649 /* SessionStore.swift */; };
		DC3AA7782714CBA9002B2649 /* LoginButton.swift in Sources */ = {isa = PBXBuildFile; fileRef = DC3AA7772714CBA8002B2649 /* LoginButton.swift */; };
		DC3AA7802714D3A5002B2649 /* ProfileView.swift in Sources */ = {isa = PBXBuildFile; fileRef = DC3AA77F2714D3A5002B2649 /* ProfileView.swift */; };
		DC3AA78B27234D27002B2649 /* NextButton.swift in Sources */ = {isa = PBXBuildFile; fileRef = DC3AA78A27234D27002B2649 /* NextButton.swift */; };
		DCE6058C2701D9C600D6ADB8 /* GroupicApp.swift in Sources */ = {isa = PBXBuildFile; fileRef = DCE6058B2701D9C600D6ADB8 /* GroupicApp.swift */; };
		DCE605902701D9CD00D6ADB8 /* Assets.xcassets in Resources */ = {isa = PBXBuildFile; fileRef = DCE6058F2701D9CD00D6ADB8 /* Assets.xcassets */; };
		DCE605932701D9CD00D6ADB8 /* Preview Assets.xcassets in Resources */ = {isa = PBXBuildFile; fileRef = DCE605922701D9CD00D6ADB8 /* Preview Assets.xcassets */; };
		DCE6059E2701D9CE00D6ADB8 /* GroupicTests.swift in Sources */ = {isa = PBXBuildFile; fileRef = DCE6059D2701D9CE00D6ADB8 /* GroupicTests.swift */; };
		DCE605A92701D9CE00D6ADB8 /* GroupicUITests.swift in Sources */ = {isa = PBXBuildFile; fileRef = DCE605A82701D9CE00D6ADB8 /* GroupicUITests.swift */; };
		DDF8008C79F891083516F213 /* Pods_Groupic_GroupicUITests.framework in Frameworks */ = {isa = PBXBuildFile; fileRef = 7EAD4F782C79F5C9AAF96B86 /* Pods_Groupic_GroupicUITests.framework */; };
/* End PBXBuildFile section */

/* Begin PBXContainerItemProxy section */
		DCE6059A2701D9CE00D6ADB8 /* PBXContainerItemProxy */ = {
			isa = PBXContainerItemProxy;
			containerPortal = DCE605802701D9C500D6ADB8 /* Project object */;
			proxyType = 1;
			remoteGlobalIDString = DCE605872701D9C500D6ADB8;
			remoteInfo = Groupic;
		};
		DCE605A52701D9CE00D6ADB8 /* PBXContainerItemProxy */ = {
			isa = PBXContainerItemProxy;
			containerPortal = DCE605802701D9C500D6ADB8 /* Project object */;
			proxyType = 1;
			remoteGlobalIDString = DCE605872701D9C500D6ADB8;
			remoteInfo = Groupic;
		};
/* End PBXContainerItemProxy section */

/* Begin PBXFileReference section */
		115A53D7C3EE7734643811AE /* Pods-Groupic.release.xcconfig */ = {isa = PBXFileReference; includeInIndex = 1; lastKnownFileType = text.xcconfig; name = "Pods-Groupic.release.xcconfig"; path = "Target Support Files/Pods-Groupic/Pods-Groupic.release.xcconfig"; sourceTree = "<group>"; };
		143C49510A57222A501BAA7B /* Pods-GroupicTests.release.xcconfig */ = {isa = PBXFileReference; includeInIndex = 1; lastKnownFileType = text.xcconfig; name = "Pods-GroupicTests.release.xcconfig"; path = "Target Support Files/Pods-GroupicTests/Pods-GroupicTests.release.xcconfig"; sourceTree = "<group>"; };
		42FF11F326DF1A7F7141191B /* Pods_GroupicTests.framework */ = {isa = PBXFileReference; explicitFileType = wrapper.framework; includeInIndex = 0; path = Pods_GroupicTests.framework; sourceTree = BUILT_PRODUCTS_DIR; };
		7099882379B6975C720F54F5 /* Pods-Groupic-GroupicUITests.release.xcconfig */ = {isa = PBXFileReference; includeInIndex = 1; lastKnownFileType = text.xcconfig; name = "Pods-Groupic-GroupicUITests.release.xcconfig"; path = "Target Support Files/Pods-Groupic-GroupicUITests/Pods-Groupic-GroupicUITests.release.xcconfig"; sourceTree = "<group>"; };
		7A4B11310F5D95A4A99EAF38 /* Pods-GroupicTests.debug.xcconfig */ = {isa = PBXFileReference; includeInIndex = 1; lastKnownFileType = text.xcconfig; name = "Pods-GroupicTests.debug.xcconfig"; path = "Target Support Files/Pods-GroupicTests/Pods-GroupicTests.debug.xcconfig"; sourceTree = "<group>"; };
		7E392645728E5A3FF674CDD4 /* Pods-Groupic.debug.xcconfig */ = {isa = PBXFileReference; includeInIndex = 1; lastKnownFileType = text.xcconfig; name = "Pods-Groupic.debug.xcconfig"; path = "Target Support Files/Pods-Groupic/Pods-Groupic.debug.xcconfig"; sourceTree = "<group>"; };
		7EAD4F782C79F5C9AAF96B86 /* Pods_Groupic_GroupicUITests.framework */ = {isa = PBXFileReference; explicitFileType = wrapper.framework; includeInIndex = 0; path = Pods_Groupic_GroupicUITests.framework; sourceTree = BUILT_PRODUCTS_DIR; };
		814CEF92704BB099A4DCD1B5 /* Pods-Groupic-GroupicUITests.debug.xcconfig */ = {isa = PBXFileReference; includeInIndex = 1; lastKnownFileType = text.xcconfig; name = "Pods-Groupic-GroupicUITests.debug.xcconfig"; path = "Target Support Files/Pods-Groupic-GroupicUITests/Pods-Groupic-GroupicUITests.debug.xcconfig"; sourceTree = "<group>"; };
		87123D9C283B69780071F563 /* EventInviteButton.swift */ = {isa = PBXFileReference; lastKnownFileType = sourcecode.swift; path = EventInviteButton.swift; sourceTree = "<group>"; };
		87123D9E283B737B0071F563 /* InviteUidModel.swift */ = {isa = PBXFileReference; lastKnownFileType = sourcecode.swift; path = InviteUidModel.swift; sourceTree = "<group>"; };
		87123DA1283BAD5A0071F563 /* EventNotificationView.swift */ = {isa = PBXFileReference; lastKnownFileType = sourcecode.swift; path = EventNotificationView.swift; sourceTree = "<group>"; };
		87123DA3283BAD750071F563 /* UserNotificationView.swift */ = {isa = PBXFileReference; lastKnownFileType = sourcecode.swift; path = UserNotificationView.swift; sourceTree = "<group>"; };
		87123DA6283BBA4A0071F563 /* EventCard.swift */ = {isa = PBXFileReference; lastKnownFileType = sourcecode.swift; path = EventCard.swift; sourceTree = "<group>"; };
		87123DA8283BCA0A0071F563 /* EventCardNotificationView.swift */ = {isa = PBXFileReference; lastKnownFileType = sourcecode.swift; path = EventCardNotificationView.swift; sourceTree = "<group>"; };
		87123DAA283BD3BE0071F563 /* EventCardEventUserPicsView.swift */ = {isa = PBXFileReference; lastKnownFileType = sourcecode.swift; path = EventCardEventUserPicsView.swift; sourceTree = "<group>"; };
		87123DAC283BD43D0071F563 /* EventCardEventContent.swift */ = {isa = PBXFileReference; lastKnownFileType = sourcecode.swift; path = EventCardEventContent.swift; sourceTree = "<group>"; };
		87123DAE283D827D0071F563 /* EventViewNoContactView.swift */ = {isa = PBXFileReference; lastKnownFileType = sourcecode.swift; path = EventViewNoContactView.swift; sourceTree = "<group>"; };
		872119CF283AD847005F760A /* AddShow.swift */ = {isa = PBXFileReference; lastKnownFileType = sourcecode.swift; path = AddShow.swift; sourceTree = "<group>"; };
		8726C8E0274BE9BB006AF1DB /* ImagePicker.swift */ = {isa = PBXFileReference; lastKnownFileType = sourcecode.swift; path = ImagePicker.swift; sourceTree = "<group>"; };
		8738ECB727A1EEB0009A575A /* SocialEndView.swift */ = {isa = PBXFileReference; lastKnownFileType = sourcecode.swift; path = SocialEndView.swift; sourceTree = "<group>"; };
		87391071276792A400D6D090 /* SocialFriendsEventsView.swift */ = {isa = PBXFileReference; lastKnownFileType = sourcecode.swift; path = SocialFriendsEventsView.swift; sourceTree = "<group>"; };
		873E23C72779F25900CAE2E1 /* CustomTabView.swift */ = {isa = PBXFileReference; lastKnownFileType = sourcecode.swift; path = CustomTabView.swift; sourceTree = "<group>"; };
		873E23CB277A210500CAE2E1 /* PopUpButtonView.swift */ = {isa = PBXFileReference; lastKnownFileType = sourcecode.swift; path = PopUpButtonView.swift; sourceTree = "<group>"; };
		8742C0E3274EC91C008A3AAB /* FormViewModel.swift */ = {isa = PBXFileReference; lastKnownFileType = sourcecode.swift; path = FormViewModel.swift; sourceTree = "<group>"; };
		874C956D274FAE6700466D22 /* PasswordStatus.swift */ = {isa = PBXFileReference; lastKnownFileType = sourcecode.swift; path = PasswordStatus.swift; sourceTree = "<group>"; };
		874C9600278C71D100E94A6E /* PostCardService.swift */ = {isa = PBXFileReference; lastKnownFileType = sourcecode.swift; path = PostCardService.swift; sourceTree = "<group>"; };
		87535A052791E3210064EB0C /* PulltoRefreshAnimationView.swift */ = {isa = PBXFileReference; lastKnownFileType = sourcecode.swift; path = PulltoRefreshAnimationView.swift; sourceTree = "<group>"; };
		87535A092791ED6F0064EB0C /* TabView.swift */ = {isa = PBXFileReference; lastKnownFileType = sourcecode.swift; path = TabView.swift; sourceTree = "<group>"; };
		8755694B279F4D48002605FA /* MidTabBarView.swift */ = {isa = PBXFileReference; lastKnownFileType = sourcecode.swift; path = MidTabBarView.swift; sourceTree = "<group>"; };
		875A11C327930D00000E181F /* PostCardView.swift */ = {isa = PBXFileReference; lastKnownFileType = sourcecode.swift; path = PostCardView.swift; sourceTree = "<group>"; };
		875A74AA277E1F0E00F6B59D /* PostModel.swift */ = {isa = PBXFileReference; lastKnownFileType = sourcecode.swift; path = PostModel.swift; sourceTree = "<group>"; };
		8760E56F27FB6B3200A7D240 /* ProfileSettingsViewTabView.swift */ = {isa = PBXFileReference; lastKnownFileType = sourcecode.swift; path = ProfileSettingsViewTabView.swift; sourceTree = "<group>"; };
		8760E57127FC781D00A7D240 /* ProfileSettingsViewProfileHeader.swift */ = {isa = PBXFileReference; lastKnownFileType = sourcecode.swift; path = ProfileSettingsViewProfileHeader.swift; sourceTree = "<group>"; };
		8760E57427FC7FF800A7D240 /* BackImagePicker.swift */ = {isa = PBXFileReference; lastKnownFileType = sourcecode.swift; path = BackImagePicker.swift; sourceTree = "<group>"; };
		876294192795B994007195BD /* SettingsView.swift */ = {isa = PBXFileReference; lastKnownFileType = sourcecode.swift; path = SettingsView.swift; sourceTree = "<group>"; };
		876585DA279F2290005A3EFD /* DropDownMenuView.swift */ = {isa = PBXFileReference; lastKnownFileType = sourcecode.swift; path = DropDownMenuView.swift; sourceTree = "<group>"; };
		876585DC279F22C0005A3EFD /* HorizontalView.swift */ = {isa = PBXFileReference; lastKnownFileType = sourcecode.swift; path = HorizontalView.swift; sourceTree = "<group>"; };
		876585DE279F22E7005A3EFD /* Picture.swift */ = {isa = PBXFileReference; lastKnownFileType = sourcecode.swift; path = Picture.swift; sourceTree = "<group>"; };
		876585E0279F22FF005A3EFD /* Pictures.swift */ = {isa = PBXFileReference; lastKnownFileType = sourcecode.swift; path = Pictures.swift; sourceTree = "<group>"; };
		8767DDF2278469F0008E4B55 /* ProfileHeader.swift */ = {isa = PBXFileReference; lastKnownFileType = sourcecode.swift; path = ProfileHeader.swift; sourceTree = "<group>"; };
		8767DDF827846FC3008E4B55 /* EventView.swift */ = {isa = PBXFileReference; lastKnownFileType = sourcecode.swift; path = EventView.swift; sourceTree = "<group>"; };
		876A84A7282ACCFA007786A3 /* LayoutImages.swift */ = {isa = PBXFileReference; lastKnownFileType = sourcecode.swift; path = LayoutImages.swift; sourceTree = "<group>"; };
		876AF08227DF7C4800FEF21A /* SearchService.swift */ = {isa = PBXFileReference; lastKnownFileType = sourcecode.swift; path = SearchService.swift; sourceTree = "<group>"; };
		876AF08527DF80DF00FEF21A /* UserProfile.swift */ = {isa = PBXFileReference; lastKnownFileType = sourcecode.swift; path = UserProfile.swift; sourceTree = "<group>"; };
		876AF08827DF9CCB00FEF21A /* SearchBar.swift */ = {isa = PBXFileReference; lastKnownFileType = sourcecode.swift; path = SearchBar.swift; sourceTree = "<group>"; };
		876AF08B27E3804F00FEF21A /* FollowService.swift */ = {isa = PBXFileReference; lastKnownFileType = sourcecode.swift; path = FollowService.swift; sourceTree = "<group>"; };
		876AF08D27E3AC5E00FEF21A /* FollowButton.swift */ = {isa = PBXFileReference; lastKnownFileType = sourcecode.swift; path = FollowButton.swift; sourceTree = "<group>"; };
		87700E1527E52DB100841E5B /* UserProfileView.swift */ = {isa = PBXFileReference; lastKnownFileType = sourcecode.swift; path = UserProfileView.swift; sourceTree = "<group>"; };
		87700E1827E5324000841E5B /* UserProfileHeader.swift */ = {isa = PBXFileReference; lastKnownFileType = sourcecode.swift; path = UserProfileHeader.swift; sourceTree = "<group>"; };
		87700E1A27E6680A00841E5B /* SearchUserPostView.swift */ = {isa = PBXFileReference; lastKnownFileType = sourcecode.swift; path = SearchUserPostView.swift; sourceTree = "<group>"; };
		87700E1C27E668BF00841E5B /* UserMidTabBar.swift */ = {isa = PBXFileReference; lastKnownFileType = sourcecode.swift; path = UserMidTabBar.swift; sourceTree = "<group>"; };
		87700E1E27E67FC000841E5B /* UserTabView.swift */ = {isa = PBXFileReference; lastKnownFileType = sourcecode.swift; path = UserTabView.swift; sourceTree = "<group>"; };
		87700E2027E8D17C00841E5B /* UserPostCardView.swift */ = {isa = PBXFileReference; lastKnownFileType = sourcecode.swift; path = UserPostCardView.swift; sourceTree = "<group>"; };
		87700E2327E8D34300841E5B /* UserEventView.swift */ = {isa = PBXFileReference; lastKnownFileType = sourcecode.swift; path = UserEventView.swift; sourceTree = "<group>"; };
		877C3CBB278EE08B00D59EEC /* ProfileService.swift */ = {isa = PBXFileReference; lastKnownFileType = sourcecode.swift; path = ProfileService.swift; sourceTree = "<group>"; };
		877C3CBE278EE4D200D59EEC /* PostCardTest.swift */ = {isa = PBXFileReference; lastKnownFileType = sourcecode.swift; path = PostCardTest.swift; sourceTree = "<group>"; };
		877C3CC2278EEFBA00D59EEC /* PostCardBottomView.swift */ = {isa = PBXFileReference; lastKnownFileType = sourcecode.swift; path = PostCardBottomView.swift; sourceTree = "<group>"; };
		877C3CC4278EF74100D59EEC /* UserPostView.swift */ = {isa = PBXFileReference; lastKnownFileType = sourcecode.swift; path = UserPostView.swift; sourceTree = "<group>"; };
		878655A5278383E700246351 /* PostService.swift */ = {isa = PBXFileReference; lastKnownFileType = sourcecode.swift; path = PostService.swift; sourceTree = "<group>"; };
		878EC9C727614F2200639884 /* AddEventView.swift */ = {isa = PBXFileReference; lastKnownFileType = sourcecode.swift; path = AddEventView.swift; sourceTree = "<group>"; };
		878EC9C927614F6300639884 /* NotificationsView.swift */ = {isa = PBXFileReference; lastKnownFileType = sourcecode.swift; path = NotificationsView.swift; sourceTree = "<group>"; };
		87929092274CF35400B534C9 /* Extensions.swift */ = {isa = PBXFileReference; lastKnownFileType = sourcecode.swift; path = Extensions.swift; sourceTree = "<group>"; };
		87929095274D08C000B534C9 /* AuthService.swift */ = {isa = PBXFileReference; lastKnownFileType = sourcecode.swift; path = AuthService.swift; sourceTree = "<group>"; };
		87929099274D097600B534C9 /* StorageService.swift */ = {isa = PBXFileReference; lastKnownFileType = sourcecode.swift; path = StorageService.swift; sourceTree = "<group>"; };
		879A9CFB28350BCF00F7E98A /* UserHighlightPostView.swift */ = {isa = PBXFileReference; lastKnownFileType = sourcecode.swift; path = UserHighlightPostView.swift; sourceTree = "<group>"; };
		879A9CFD28350E2F00F7E98A /* UserFutureUserPostView.swift */ = {isa = PBXFileReference; lastKnownFileType = sourcecode.swift; path = UserFutureUserPostView.swift; sourceTree = "<group>"; };
		879A9CFF2835A30800F7E98A /* UidCheckUserModel.swift */ = {isa = PBXFileReference; lastKnownFileType = sourcecode.swift; path = UidCheckUserModel.swift; sourceTree = "<group>"; };
		879A9D012835E40900F7E98A /* AddContactsView.swift */ = {isa = PBXFileReference; lastKnownFileType = sourcecode.swift; path = AddContactsView.swift; sourceTree = "<group>"; };
		87B205ED28186F1D0072B7CF /* ReautheticationView.swift */ = {isa = PBXFileReference; lastKnownFileType = sourcecode.swift; path = ReautheticationView.swift; sourceTree = "<group>"; };
		87B205EF2818A7300072B7CF /* VerificationReauthetificationView.swift */ = {isa = PBXFileReference; lastKnownFileType = sourcecode.swift; path = VerificationReauthetificationView.swift; sourceTree = "<group>"; };
		87B205F128196CD20072B7CF /* ErrorSendEmailView.swift */ = {isa = PBXFileReference; lastKnownFileType = sourcecode.swift; path = ErrorSendEmailView.swift; sourceTree = "<group>"; };
		87B205F3281982EC0072B7CF /* ReEmailView.swift */ = {isa = PBXFileReference; lastKnownFileType = sourcecode.swift; path = ReEmailView.swift; sourceTree = "<group>"; };
		87B205F5281A025C0072B7CF /* ReautheticationPasswordView.swift */ = {isa = PBXFileReference; lastKnownFileType = sourcecode.swift; path = ReautheticationPasswordView.swift; sourceTree = "<group>"; };
		87B205F8281AE79C0072B7CF /* EventViewHeader.swift */ = {isa = PBXFileReference; lastKnownFileType = sourcecode.swift; path = EventViewHeader.swift; sourceTree = "<group>"; };
		87B205FA281DB2270072B7CF /* EventNameView.swift */ = {isa = PBXFileReference; lastKnownFileType = sourcecode.swift; path = EventNameView.swift; sourceTree = "<group>"; };
		87B205FC281DBDB70072B7CF /* TextEditFieldBlack.swift */ = {isa = PBXFileReference; lastKnownFileType = sourcecode.swift; path = TextEditFieldBlack.swift; sourceTree = "<group>"; };
		87B205FE281F08A20072B7CF /* ChangeEventModeView.swift */ = {isa = PBXFileReference; lastKnownFileType = sourcecode.swift; path = ChangeEventModeView.swift; sourceTree = "<group>"; };
		87B20600281F279F0072B7CF /* DeleteEventView.swift */ = {isa = PBXFileReference; lastKnownFileType = sourcecode.swift; path = DeleteEventView.swift; sourceTree = "<group>"; };
		87B20604282019E80072B7CF /* PostPicturesViewModel.swift */ = {isa = PBXFileReference; lastKnownFileType = sourcecode.swift; path = PostPicturesViewModel.swift; sourceTree = "<group>"; };
		87B2060628205B810072B7CF /* EventUserPicsView.swift */ = {isa = PBXFileReference; lastKnownFileType = sourcecode.swift; path = EventUserPicsView.swift; sourceTree = "<group>"; };
		87B20609282060020072B7CF /* HorizontalPicView.swift */ = {isa = PBXFileReference; lastKnownFileType = sourcecode.swift; path = HorizontalPicView.swift; sourceTree = "<group>"; };
		87B2060B282142450072B7CF /* ImagePickerMultiple.swift */ = {isa = PBXFileReference; lastKnownFileType = sourcecode.swift; path = ImagePickerMultiple.swift; sourceTree = "<group>"; };
		87B2060D2821E3090072B7CF /* EventContentView.swift */ = {isa = PBXFileReference; lastKnownFileType = sourcecode.swift; path = EventContentView.swift; sourceTree = "<group>"; };
		87B2060F2822021B0072B7CF /* EventContentModel.swift */ = {isa = PBXFileReference; lastKnownFileType = sourcecode.swift; path = EventContentModel.swift; sourceTree = "<group>"; };
		87B2061128235FA20072B7CF /* EventQuoteView.swift */ = {isa = PBXFileReference; lastKnownFileType = sourcecode.swift; path = EventQuoteView.swift; sourceTree = "<group>"; };
		87B45EDE28089BF0001F1FEA /* VerificationView.swift */ = {isa = PBXFileReference; lastKnownFileType = sourcecode.swift; path = VerificationView.swift; sourceTree = "<group>"; };
		87C2ADC42800B19D0031D5D9 /* FutureSearchUserPostView.swift */ = {isa = PBXFileReference; lastKnownFileType = sourcecode.swift; path = FutureSearchUserPostView.swift; sourceTree = "<group>"; };
		87C2ADC62800B2760031D5D9 /* UserContactsView.swift */ = {isa = PBXFileReference; lastKnownFileType = sourcecode.swift; path = UserContactsView.swift; sourceTree = "<group>"; };
		87C2ADC82801B41B0031D5D9 /* HighlightButton.swift */ = {isa = PBXFileReference; lastKnownFileType = sourcecode.swift; path = HighlightButton.swift; sourceTree = "<group>"; };
		87C2ADCA2801C4350031D5D9 /* HighlightPostView.swift */ = {isa = PBXFileReference; lastKnownFileType = sourcecode.swift; path = HighlightPostView.swift; sourceTree = "<group>"; };
		87C2ADCC2801C48F0031D5D9 /* HighlightPostCardView.swift */ = {isa = PBXFileReference; lastKnownFileType = sourcecode.swift; path = HighlightPostCardView.swift; sourceTree = "<group>"; };
		87C2ADCE2801D54B0031D5D9 /* HighlightButtonSwitched.swift */ = {isa = PBXFileReference; lastKnownFileType = sourcecode.swift; path = HighlightButtonSwitched.swift; sourceTree = "<group>"; };
		87C2ADD0280350DB0031D5D9 /* SocialUserPostView.swift */ = {isa = PBXFileReference; lastKnownFileType = sourcecode.swift; path = SocialUserPostView.swift; sourceTree = "<group>"; };
		87C2ADD22803541A0031D5D9 /* SocialPostCardView.swift */ = {isa = PBXFileReference; lastKnownFileType = sourcecode.swift; path = SocialPostCardView.swift; sourceTree = "<group>"; };
		87C2ADD428035E130031D5D9 /* FollowEventButton.swift */ = {isa = PBXFileReference; lastKnownFileType = sourcecode.swift; path = FollowEventButton.swift; sourceTree = "<group>"; };
		87C2ADD628035F4D0031D5D9 /* PostUidModel.swift */ = {isa = PBXFileReference; lastKnownFileType = sourcecode.swift; path = PostUidModel.swift; sourceTree = "<group>"; };
		87C2ADE1280497E10031D5D9 /* TextEditField.swift */ = {isa = PBXFileReference; lastKnownFileType = sourcecode.swift; path = TextEditField.swift; sourceTree = "<group>"; };
		87CAF00427FE0FDC002B4073 /* PersonInfoViewNoPictures.swift */ = {isa = PBXFileReference; lastKnownFileType = sourcecode.swift; path = PersonInfoViewNoPictures.swift; sourceTree = "<group>"; };
		87CAF00627FE110F002B4073 /* RegisterButtonNoPictures.swift */ = {isa = PBXFileReference; lastKnownFileType = sourcecode.swift; path = RegisterButtonNoPictures.swift; sourceTree = "<group>"; };
		87F905DC280B612400993128 /* ForgotPasswordView.swift */ = {isa = PBXFileReference; lastKnownFileType = sourcecode.swift; path = ForgotPasswordView.swift; sourceTree = "<group>"; };
		87F905DE280E04B400993128 /* CheckBoxView.swift */ = {isa = PBXFileReference; lastKnownFileType = sourcecode.swift; path = CheckBoxView.swift; sourceTree = "<group>"; };
		87F905E128107C4F00993128 /* AGBView.swift */ = {isa = PBXFileReference; lastKnownFileType = sourcecode.swift; path = AGBView.swift; sourceTree = "<group>"; };
		87F905E328107C6400993128 /* DatenschutzView.swift */ = {isa = PBXFileReference; lastKnownFileType = sourcecode.swift; path = DatenschutzView.swift; sourceTree = "<group>"; };
		87F905E528107E0900993128 /* WebView.swift */ = {isa = PBXFileReference; lastKnownFileType = sourcecode.swift; path = WebView.swift; sourceTree = "<group>"; };
		87F905E72811B6E100993128 /* SupportView.swift */ = {isa = PBXFileReference; lastKnownFileType = sourcecode.swift; path = SupportView.swift; sourceTree = "<group>"; };
		87F905EC2814BA9000993128 /* ProfileSettingsTextEditField.swift */ = {isa = PBXFileReference; lastKnownFileType = sourcecode.swift; path = ProfileSettingsTextEditField.swift; sourceTree = "<group>"; };
		87FA47522767F28800D0703D /* GoogleService-Info.plist */ = {isa = PBXFileReference; fileEncoding = 4; lastKnownFileType = text.plist.xml; path = "GoogleService-Info.plist"; sourceTree = "<group>"; };
		87FFFCD527EE00D100E64F1D /* EventFollowService.swift */ = {isa = PBXFileReference; lastKnownFileType = sourcecode.swift; path = EventFollowService.swift; sourceTree = "<group>"; };
		87FFFCD727EE026600E64F1D /* EventService.swift */ = {isa = PBXFileReference; lastKnownFileType = sourcecode.swift; path = EventService.swift; sourceTree = "<group>"; };
		87FFFCD927EE118D00E64F1D /* SaveFile.swift */ = {isa = PBXFileReference; lastKnownFileType = sourcecode.swift; path = SaveFile.swift; sourceTree = "<group>"; };
		87FFFCE227EE66AB00E64F1D /* ContactsView.swift */ = {isa = PBXFileReference; lastKnownFileType = sourcecode.swift; path = ContactsView.swift; sourceTree = "<group>"; };
		87FFFCE427F0E3DB00E64F1D /* UidUserModel.swift */ = {isa = PBXFileReference; lastKnownFileType = sourcecode.swift; path = UidUserModel.swift; sourceTree = "<group>"; };
		87FFFCE827F22F0500E64F1D /* FutureUserPostView.swift */ = {isa = PBXFileReference; lastKnownFileType = sourcecode.swift; path = FutureUserPostView.swift; sourceTree = "<group>"; };
		87FFFCEB27F2E5AB00E64F1D /* ProfileSettingsView.swift */ = {isa = PBXFileReference; lastKnownFileType = sourcecode.swift; path = ProfileSettingsView.swift; sourceTree = "<group>"; };
		DC3AA6A72701F6EB002B2649 /* LoginView.swift */ = {isa = PBXFileReference; lastKnownFileType = sourcecode.swift; path = LoginView.swift; sourceTree = "<group>"; tabWidth = 5; };
		DC3AA6B427021C90002B2649 /* ContentView.swift */ = {isa = PBXFileReference; lastKnownFileType = sourcecode.swift; path = ContentView.swift; sourceTree = "<group>"; };
		DC3AA6CC270601C4002B2649 /* RegistrationView.swift */ = {isa = PBXFileReference; lastKnownFileType = sourcecode.swift; path = RegistrationView.swift; sourceTree = "<group>"; };
		DC3AA6D4270A4601002B2649 /* ErrorView.swift */ = {isa = PBXFileReference; lastKnownFileType = sourcecode.swift; path = ErrorView.swift; sourceTree = "<group>"; };
		DC3AA6E6270B0CFD002B2649 /* AppDelegate.swift */ = {isa = PBXFileReference; lastKnownFileType = sourcecode.swift; path = AppDelegate.swift; sourceTree = "<group>"; };
		DC3AA6F1270B1E49002B2649 /* PersonInfoView.swift */ = {isa = PBXFileReference; lastKnownFileType = sourcecode.swift; path = PersonInfoView.swift; sourceTree = "<group>"; };
		DC3AA702270BA182002B2649 /* SecureTextEditField.swift */ = {isa = PBXFileReference; lastKnownFileType = sourcecode.swift; path = SecureTextEditField.swift; sourceTree = "<group>"; };
		DC3AA71D270BACD1002B2649 /* RegisterButton.swift */ = {isa = PBXFileReference; lastKnownFileType = sourcecode.swift; path = RegisterButton.swift; sourceTree = "<group>"; };
		DC3AA750270CA480002B2649 /* UserModel.swift */ = {isa = PBXFileReference; lastKnownFileType = sourcecode.swift; path = UserModel.swift; sourceTree = "<group>"; };
		DC3AA76F2714C365002B2649 /* SessionStore.swift */ = {isa = PBXFileReference; lastKnownFileType = sourcecode.swift; path = SessionStore.swift; sourceTree = "<group>"; };
		DC3AA7772714CBA8002B2649 /* LoginButton.swift */ = {isa = PBXFileReference; lastKnownFileType = sourcecode.swift; path = LoginButton.swift; sourceTree = "<group>"; };
		DC3AA77F2714D3A5002B2649 /* ProfileView.swift */ = {isa = PBXFileReference; lastKnownFileType = sourcecode.swift; path = ProfileView.swift; sourceTree = "<group>"; };
		DC3AA78A27234D27002B2649 /* NextButton.swift */ = {isa = PBXFileReference; lastKnownFileType = sourcecode.swift; path = NextButton.swift; sourceTree = "<group>"; };
		DCE605882701D9C500D6ADB8 /* Groupic.app */ = {isa = PBXFileReference; explicitFileType = wrapper.application; includeInIndex = 0; path = Groupic.app; sourceTree = BUILT_PRODUCTS_DIR; };
		DCE6058B2701D9C600D6ADB8 /* GroupicApp.swift */ = {isa = PBXFileReference; lastKnownFileType = sourcecode.swift; path = GroupicApp.swift; sourceTree = "<group>"; };
		DCE6058F2701D9CD00D6ADB8 /* Assets.xcassets */ = {isa = PBXFileReference; lastKnownFileType = folder.assetcatalog; path = Assets.xcassets; sourceTree = "<group>"; };
		DCE605922701D9CD00D6ADB8 /* Preview Assets.xcassets */ = {isa = PBXFileReference; lastKnownFileType = folder.assetcatalog; path = "Preview Assets.xcassets"; sourceTree = "<group>"; };
		DCE605942701D9CD00D6ADB8 /* Info.plist */ = {isa = PBXFileReference; lastKnownFileType = text.plist.xml; path = Info.plist; sourceTree = "<group>"; };
		DCE605992701D9CE00D6ADB8 /* GroupicTests.xctest */ = {isa = PBXFileReference; explicitFileType = wrapper.cfbundle; includeInIndex = 0; path = GroupicTests.xctest; sourceTree = BUILT_PRODUCTS_DIR; };
		DCE6059D2701D9CE00D6ADB8 /* GroupicTests.swift */ = {isa = PBXFileReference; lastKnownFileType = sourcecode.swift; path = GroupicTests.swift; sourceTree = "<group>"; };
		DCE6059F2701D9CE00D6ADB8 /* Info.plist */ = {isa = PBXFileReference; lastKnownFileType = text.plist.xml; path = Info.plist; sourceTree = "<group>"; };
		DCE605A42701D9CE00D6ADB8 /* GroupicUITests.xctest */ = {isa = PBXFileReference; explicitFileType = wrapper.cfbundle; includeInIndex = 0; path = GroupicUITests.xctest; sourceTree = BUILT_PRODUCTS_DIR; };
		DCE605A82701D9CE00D6ADB8 /* GroupicUITests.swift */ = {isa = PBXFileReference; lastKnownFileType = sourcecode.swift; path = GroupicUITests.swift; sourceTree = "<group>"; };
		DCE605AA2701D9CE00D6ADB8 /* Info.plist */ = {isa = PBXFileReference; lastKnownFileType = text.plist.xml; path = Info.plist; sourceTree = "<group>"; };
		DF5DFF72B84D272415E73451 /* Pods_Groupic.framework */ = {isa = PBXFileReference; explicitFileType = wrapper.framework; includeInIndex = 0; path = Pods_Groupic.framework; sourceTree = BUILT_PRODUCTS_DIR; };
/* End PBXFileReference section */

/* Begin PBXFrameworksBuildPhase section */
		DCE605852701D9C500D6ADB8 /* Frameworks */ = {
			isa = PBXFrameworksBuildPhase;
			buildActionMask = 2147483647;
			files = (
				1C3A339A011E4335FC3CC3D2 /* Pods_Groupic.framework in Frameworks */,
			);
			runOnlyForDeploymentPostprocessing = 0;
		};
		DCE605962701D9CE00D6ADB8 /* Frameworks */ = {
			isa = PBXFrameworksBuildPhase;
			buildActionMask = 2147483647;
			files = (
				52C9769C7D19BB641E003CB1 /* Pods_GroupicTests.framework in Frameworks */,
			);
			runOnlyForDeploymentPostprocessing = 0;
		};
		DCE605A12701D9CE00D6ADB8 /* Frameworks */ = {
			isa = PBXFrameworksBuildPhase;
			buildActionMask = 2147483647;
			files = (
				DDF8008C79F891083516F213 /* Pods_Groupic_GroupicUITests.framework in Frameworks */,
			);
			runOnlyForDeploymentPostprocessing = 0;
		};
/* End PBXFrameworksBuildPhase section */

/* Begin PBXGroup section */
		55083DF83D2853EEDD98562B /* Frameworks */ = {
			isa = PBXGroup;
			children = (
				DF5DFF72B84D272415E73451 /* Pods_Groupic.framework */,
				7EAD4F782C79F5C9AAF96B86 /* Pods_Groupic_GroupicUITests.framework */,
				42FF11F326DF1A7F7141191B /* Pods_GroupicTests.framework */,
			);
			name = Frameworks;
			sourceTree = "<group>";
		};
		73530CF39D65B7BC29CC93D4 /* Pods */ = {
			isa = PBXGroup;
			children = (
				7E392645728E5A3FF674CDD4 /* Pods-Groupic.debug.xcconfig */,
				115A53D7C3EE7734643811AE /* Pods-Groupic.release.xcconfig */,
				814CEF92704BB099A4DCD1B5 /* Pods-Groupic-GroupicUITests.debug.xcconfig */,
				7099882379B6975C720F54F5 /* Pods-Groupic-GroupicUITests.release.xcconfig */,
				7A4B11310F5D95A4A99EAF38 /* Pods-GroupicTests.debug.xcconfig */,
				143C49510A57222A501BAA7B /* Pods-GroupicTests.release.xcconfig */,
			);
			path = Pods;
			sourceTree = "<group>";
		};
		87123DA0283B955D0071F563 /* NotificationsViewComponents */ = {
			isa = PBXGroup;
			children = (
				87123DA1283BAD5A0071F563 /* EventNotificationView.swift */,
				87123DA5283BBA240071F563 /* ComponentsEventNotificationView */,
				87123DA3283BAD750071F563 /* UserNotificationView.swift */,
			);
			path = NotificationsViewComponents;
			sourceTree = "<group>";
		};
		87123DA5283BBA240071F563 /* ComponentsEventNotificationView */ = {
			isa = PBXGroup;
			children = (
				87123DA6283BBA4A0071F563 /* EventCard.swift */,
				87123DA8283BCA0A0071F563 /* EventCardNotificationView.swift */,
				87123DAA283BD3BE0071F563 /* EventCardEventUserPicsView.swift */,
				87123DAC283BD43D0071F563 /* EventCardEventContent.swift */,
			);
			path = ComponentsEventNotificationView;
			sourceTree = "<group>";
		};
		8726C8DF274BE955006AF1DB /* Utilities */ = {
			isa = PBXGroup;
			children = (
				8760E57327FC7FE400A7D240 /* Images */,
				87929092274CF35400B534C9 /* Extensions.swift */,
			);
			path = Utilities;
			sourceTree = "<group>";
		};
		873560252761073B0028E945 /* Profile */ = {
			isa = PBXGroup;
			children = (
				DC3AA77F2714D3A5002B2649 /* ProfileView.swift */,
				8767DDF1278469A9008E4B55 /* Components */,
			);
			path = Profile;
			sourceTree = "<group>";
		};
		87356026276107730028E945 /* Error */ = {
			isa = PBXGroup;
			children = (
				DC3AA6D4270A4601002B2649 /* ErrorView.swift */,
				87B205F128196CD20072B7CF /* ErrorSendEmailView.swift */,
			);
			path = Error;
			sourceTree = "<group>";
		};
		87356027276107890028E945 /* Content */ = {
			isa = PBXGroup;
			children = (
				DC3AA6B427021C90002B2649 /* ContentView.swift */,
			);
			path = Content;
			sourceTree = "<group>";
		};
		8738ECB927A1EEC0009A575A /* Components */ = {
			isa = PBXGroup;
			children = (
				876AF08827DF9CCB00FEF21A /* SearchBar.swift */,
				876AF08D27E3AC5E00FEF21A /* FollowButton.swift */,
			);
			path = Components;
			sourceTree = "<group>";
		};
		8739106A27678DE500D6D090 /* Tab */ = {
			isa = PBXGroup;
			children = (
				873E23C72779F25900CAE2E1 /* CustomTabView.swift */,
				873E23CA277A20D300CAE2E1 /* Buttons */,
			);
			path = Tab;
			sourceTree = "<group>";
		};
		873910702767929200D6D090 /* Social */ = {
			isa = PBXGroup;
			children = (
				876AF08427DF808500FEF21A /* Users */,
				8738ECB927A1EEC0009A575A /* Components */,
				87391071276792A400D6D090 /* SocialFriendsEventsView.swift */,
				8738ECB727A1EEB0009A575A /* SocialEndView.swift */,
			);
			path = Social;
			sourceTree = "<group>";
		};
		873E23C9277A1B7B00CAE2E1 /* Add */ = {
			isa = PBXGroup;
			children = (
				87FBF4F427D684C700A19FB6 /* Components */,
				878EC9C727614F2200639884 /* AddEventView.swift */,
			);
			path = Add;
			sourceTree = "<group>";
		};
		873E23CA277A20D300CAE2E1 /* Buttons */ = {
			isa = PBXGroup;
			children = (
				873E23CB277A210500CAE2E1 /* PopUpButtonView.swift */,
			);
			path = Buttons;
			sourceTree = "<group>";
		};
		874C956F274FAE6C00466D22 /* Error */ = {
			isa = PBXGroup;
			children = (
				8742C0E3274EC91C008A3AAB /* FormViewModel.swift */,
				874C956D274FAE6700466D22 /* PasswordStatus.swift */,
			);
			path = Error;
			sourceTree = "<group>";
		};
		87535A032791E2DC0064EB0C /* Animations */ = {
			isa = PBXGroup;
			children = (
				87535A042791E2E30064EB0C /* PulltoRefreshAnimation */,
			);
			path = Animations;
			sourceTree = "<group>";
		};
		87535A042791E2E30064EB0C /* PulltoRefreshAnimation */ = {
			isa = PBXGroup;
			children = (
				87535A052791E3210064EB0C /* PulltoRefreshAnimationView.swift */,
			);
			path = PulltoRefreshAnimation;
			sourceTree = "<group>";
		};
		875A74A6277E1DF400F6B59D /* User */ = {
			isa = PBXGroup;
			children = (
				DC3AA750270CA480002B2649 /* UserModel.swift */,
				87FFFCE427F0E3DB00E64F1D /* UidUserModel.swift */,
				879A9CFF2835A30800F7E98A /* UidCheckUserModel.swift */,
			);
			path = User;
			sourceTree = "<group>";
		};
		875A74A7277E1DFF00F6B59D /* Post */ = {
			isa = PBXGroup;
			children = (
				87FFFCDB27EE15E600E64F1D /* Event */,
			);
			path = Post;
			sourceTree = "<group>";
		};
		8760E57327FC7FE400A7D240 /* Images */ = {
			isa = PBXGroup;
			children = (
				8726C8E0274BE9BB006AF1DB /* ImagePicker.swift */,
				8760E57427FC7FF800A7D240 /* BackImagePicker.swift */,
			);
			path = Images;
			sourceTree = "<group>";
		};
		876294182795B97B007195BD /* Settings */ = {
			isa = PBXGroup;
			children = (
				876294192795B994007195BD /* SettingsView.swift */,
				87FFFCEA27F235E600E64F1D /* Components */,
			);
			path = Settings;
			sourceTree = "<group>";
		};
		876585D9279F2257005A3EFD /* Components */ = {
			isa = PBXGroup;
			children = (
				87B205FA281DB2270072B7CF /* EventNameView.swift */,
				87700E2327E8D34300841E5B /* UserEventView.swift */,
				876585DA279F2290005A3EFD /* DropDownMenuView.swift */,
				876585DC279F22C0005A3EFD /* HorizontalView.swift */,
				876585DE279F22E7005A3EFD /* Picture.swift */,
				876585E0279F22FF005A3EFD /* Pictures.swift */,
				87C2ADD428035E130031D5D9 /* FollowEventButton.swift */,
				87B205F8281AE79C0072B7CF /* EventViewHeader.swift */,
				87B205FE281F08A20072B7CF /* ChangeEventModeView.swift */,
				87B20600281F279F0072B7CF /* DeleteEventView.swift */,
				87B2060628205B810072B7CF /* EventUserPicsView.swift */,
				87B2060B282142450072B7CF /* ImagePickerMultiple.swift */,
				87B2060D2821E3090072B7CF /* EventContentView.swift */,
				876A84A6282ACCAC007786A3 /* CompEventContentView */,
				87B2060828205FD40072B7CF /* ComponentsEventUserPicsView */,
				87B2061128235FA20072B7CF /* EventQuoteView.swift */,
				879A9D012835E40900F7E98A /* AddContactsView.swift */,
				872119CF283AD847005F760A /* AddShow.swift */,
			);
			path = Components;
			sourceTree = "<group>";
		};
		8767DDF1278469A9008E4B55 /* Components */ = {
			isa = PBXGroup;
			children = (
				8767DDF2278469F0008E4B55 /* ProfileHeader.swift */,
				87535A092791ED6F0064EB0C /* TabView.swift */,
				8755694B279F4D48002605FA /* MidTabBarView.swift */,
			);
			path = Components;
			sourceTree = "<group>";
		};
		8767DDF627846FA9008E4B55 /* Event */ = {
			isa = PBXGroup;
			children = (
				8767DDF827846FC3008E4B55 /* EventView.swift */,
				87123DAE283D827D0071F563 /* EventViewNoContactView.swift */,
				876585D9279F2257005A3EFD /* Components */,
			);
			path = Event;
			sourceTree = "<group>";
		};
		876A84A6282ACCAC007786A3 /* CompEventContentView */ = {
			isa = PBXGroup;
			children = (
				876A84A7282ACCFA007786A3 /* LayoutImages.swift */,
			);
			path = CompEventContentView;
			sourceTree = "<group>";
		};
		876AF08127DF7C3200FEF21A /* Search */ = {
			isa = PBXGroup;
			children = (
				876AF08227DF7C4800FEF21A /* SearchService.swift */,
			);
			path = Search;
			sourceTree = "<group>";
		};
		876AF08427DF808500FEF21A /* Users */ = {
			isa = PBXGroup;
			children = (
				876AF08527DF80DF00FEF21A /* UserProfile.swift */,
			);
			path = Users;
			sourceTree = "<group>";
		};
		876AF08A27E3803A00FEF21A /* Follow */ = {
			isa = PBXGroup;
			children = (
				876AF08B27E3804F00FEF21A /* FollowService.swift */,
			);
			path = Follow;
			sourceTree = "<group>";
		};
		87700E1427E52D9400841E5B /* User */ = {
			isa = PBXGroup;
			children = (
				87700E1527E52DB100841E5B /* UserProfileView.swift */,
				87FFFCE027EE667B00E64F1D /* Components */,
				87700E1C27E668BF00841E5B /* UserMidTabBar.swift */,
				87700E1E27E67FC000841E5B /* UserTabView.swift */,
				87700E1827E5324000841E5B /* UserProfileHeader.swift */,
			);
			path = User;
			sourceTree = "<group>";
		};
		877C3CBA278EE07800D59EEC /* Profile */ = {
			isa = PBXGroup;
			children = (
				876AF08A27E3803A00FEF21A /* Follow */,
				877C3CBB278EE08B00D59EEC /* ProfileService.swift */,
			);
			path = Profile;
			sourceTree = "<group>";
		};
		877C3CBD278EE47500D59EEC /* Posts */ = {
			isa = PBXGroup;
			children = (
				877C3CC4278EF74100D59EEC /* UserPostView.swift */,
				87FFFCE827F22F0500E64F1D /* FutureUserPostView.swift */,
				879A9CFD28350E2F00F7E98A /* UserFutureUserPostView.swift */,
				87C2ADC42800B19D0031D5D9 /* FutureSearchUserPostView.swift */,
				87C2ADD0280350DB0031D5D9 /* SocialUserPostView.swift */,
				877C3CC1278EEFA400D59EEC /* Components */,
				87700E1A27E6680A00841E5B /* SearchUserPostView.swift */,
				87C2ADCA2801C4350031D5D9 /* HighlightPostView.swift */,
				879A9CFB28350BCF00F7E98A /* UserHighlightPostView.swift */,
			);
			path = Posts;
			sourceTree = "<group>";
		};
		877C3CC0278EEAAA00D59EEC /* Notification */ = {
			isa = PBXGroup;
			children = (
				87123DA0283B955D0071F563 /* NotificationsViewComponents */,
				878EC9C927614F6300639884 /* NotificationsView.swift */,
			);
			path = Notification;
			sourceTree = "<group>";
		};
		877C3CC1278EEFA400D59EEC /* Components */ = {
			isa = PBXGroup;
			children = (
				877C3CBE278EE4D200D59EEC /* PostCardTest.swift */,
				877C3CC2278EEFBA00D59EEC /* PostCardBottomView.swift */,
				875A11C327930D00000E181F /* PostCardView.swift */,
				87700E2027E8D17C00841E5B /* UserPostCardView.swift */,
				87C2ADC82801B41B0031D5D9 /* HighlightButton.swift */,
				87C2ADCC2801C48F0031D5D9 /* HighlightPostCardView.swift */,
				87C2ADCE2801D54B0031D5D9 /* HighlightButtonSwitched.swift */,
				87C2ADD22803541A0031D5D9 /* SocialPostCardView.swift */,
			);
			path = Components;
			sourceTree = "<group>";
		};
		878655A4278383D000246351 /* Post */ = {
			isa = PBXGroup;
			children = (
				87FFFCD427EE00BE00E64F1D /* Event */,
				878655A5278383E700246351 /* PostService.swift */,
				874C9600278C71D100E94A6E /* PostCardService.swift */,
			);
			path = Post;
			sourceTree = "<group>";
		};
		87929091274CEF7C00B534C9 /* AppDelegateUIKit */ = {
			isa = PBXGroup;
			children = (
				DC3AA6E6270B0CFD002B2649 /* AppDelegate.swift */,
			);
			path = AppDelegateUIKit;
			sourceTree = "<group>";
		};
		87929094274D087400B534C9 /* Services */ = {
			isa = PBXGroup;
			children = (
				87C2ADD828047E6C0031D5D9 /* Error */,
				876AF08127DF7C3200FEF21A /* Search */,
				87929097274D094D00B534C9 /* Auth */,
				877C3CBA278EE07800D59EEC /* Profile */,
				878655A4278383D000246351 /* Post */,
				87929098274D095800B534C9 /* Storage */,
			);
			path = Services;
			sourceTree = "<group>";
		};
		87929097274D094D00B534C9 /* Auth */ = {
			isa = PBXGroup;
			children = (
				87CAF00027FE01F2002B4073 /* Protocols */,
				DC3AA76F2714C365002B2649 /* SessionStore.swift */,
				87929095274D08C000B534C9 /* AuthService.swift */,
			);
			path = Auth;
			sourceTree = "<group>";
		};
		87929098274D095800B534C9 /* Storage */ = {
			isa = PBXGroup;
			children = (
				87929099274D097600B534C9 /* StorageService.swift */,
			);
			path = Storage;
			sourceTree = "<group>";
		};
		87B205EC28186F070072B7CF /* Reauthetication */ = {
			isa = PBXGroup;
			children = (
				87B205ED28186F1D0072B7CF /* ReautheticationView.swift */,
				87B205EF2818A7300072B7CF /* VerificationReauthetificationView.swift */,
				87B205F3281982EC0072B7CF /* ReEmailView.swift */,
				87B205F5281A025C0072B7CF /* ReautheticationPasswordView.swift */,
			);
			path = Reauthetication;
			sourceTree = "<group>";
		};
		87B2060828205FD40072B7CF /* ComponentsEventUserPicsView */ = {
			isa = PBXGroup;
			children = (
				87B20609282060020072B7CF /* HorizontalPicView.swift */,
				87123D9C283B69780071F563 /* EventInviteButton.swift */,
			);
			path = ComponentsEventUserPicsView;
			sourceTree = "<group>";
		};
		87B45EDD28089BDA001F1FEA /* Verification */ = {
			isa = PBXGroup;
			children = (
				87B45EDE28089BF0001F1FEA /* VerificationView.swift */,
			);
			path = Verification;
			sourceTree = "<group>";
		};
		87C2ADD828047E6C0031D5D9 /* Error */ = {
			isa = PBXGroup;
			children = (
			);
			path = Error;
			sourceTree = "<group>";
		};
		87C2ADDB28048BD90031D5D9 /* In */ = {
			isa = PBXGroup;
			children = (
				87B205EC28186F070072B7CF /* Reauthetication */,
				DC3AA6A72701F6EB002B2649 /* LoginView.swift */,
				87C2ADDE28048CBD0031D5D9 /* InComponents */,
			);
			path = In;
			sourceTree = "<group>";
		};
		87C2ADDC28048BF50031D5D9 /* Up */ = {
			isa = PBXGroup;
			children = (
				DC3AA6CC270601C4002B2649 /* RegistrationView.swift */,
				87C2ADDF28048CD80031D5D9 /* UpComponents */,
				87C2ADDD28048C090031D5D9 /* Next */,
			);
			path = Up;
			sourceTree = "<group>";
		};
		87C2ADDD28048C090031D5D9 /* Next */ = {
			isa = PBXGroup;
			children = (
				87CAF00427FE0FDC002B4073 /* PersonInfoViewNoPictures.swift */,
				DC3AA6F1270B1E49002B2649 /* PersonInfoView.swift */,
				87C2ADE028048DDB0031D5D9 /* NextComponents */,
			);
			path = Next;
			sourceTree = "<group>";
		};
		87C2ADDE28048CBD0031D5D9 /* InComponents */ = {
			isa = PBXGroup;
			children = (
				87F905DB280B610900993128 /* ForgotPassword */,
				DC3AA7772714CBA8002B2649 /* LoginButton.swift */,
			);
			path = InComponents;
			sourceTree = "<group>";
		};
		87C2ADDF28048CD80031D5D9 /* UpComponents */ = {
			isa = PBXGroup;
			children = (
				87F905E028107C3300993128 /* AGB & Datenschutz */,
				DC3AA71D270BACD1002B2649 /* RegisterButton.swift */,
				87CAF00627FE110F002B4073 /* RegisterButtonNoPictures.swift */,
			);
			path = UpComponents;
			sourceTree = "<group>";
		};
		87C2ADE028048DDB0031D5D9 /* NextComponents */ = {
			isa = PBXGroup;
			children = (
				87F905DE280E04B400993128 /* CheckBoxView.swift */,
				DC3AA78A27234D27002B2649 /* NextButton.swift */,
			);
			path = NextComponents;
			sourceTree = "<group>";
		};
		87CAF00027FE01F2002B4073 /* Protocols */ = {
			isa = PBXGroup;
			children = (
			);
			path = Protocols;
			sourceTree = "<group>";
		};
		87F905DB280B610900993128 /* ForgotPassword */ = {
			isa = PBXGroup;
			children = (
				87F905DC280B612400993128 /* ForgotPasswordView.swift */,
			);
			path = ForgotPassword;
			sourceTree = "<group>";
		};
		87F905E028107C3300993128 /* AGB & Datenschutz */ = {
			isa = PBXGroup;
			children = (
				87F905E128107C4F00993128 /* AGBView.swift */,
				87F905E328107C6400993128 /* DatenschutzView.swift */,
				87F905E528107E0900993128 /* WebView.swift */,
			);
			path = "AGB & Datenschutz";
			sourceTree = "<group>";
		};
		87F905E92811C01300993128 /* ComponentsSupportView */ = {
			isa = PBXGroup;
			children = (
			);
			path = ComponentsSupportView;
			sourceTree = "<group>";
		};
		87FBF4F427D684C700A19FB6 /* Components */ = {
			isa = PBXGroup;
			children = (
			);
			name = Components;
			path = ../../../Components;
			sourceTree = "<group>";
		};
		87FFFCD427EE00BE00E64F1D /* Event */ = {
			isa = PBXGroup;
			children = (
				87FFFCD527EE00D100E64F1D /* EventFollowService.swift */,
				87FFFCD727EE026600E64F1D /* EventService.swift */,
			);
			path = Event;
			sourceTree = "<group>";
		};
		87FFFCDB27EE15E600E64F1D /* Event */ = {
			isa = PBXGroup;
			children = (
				875A74AA277E1F0E00F6B59D /* PostModel.swift */,
				87C2ADD628035F4D0031D5D9 /* PostUidModel.swift */,
				87B20604282019E80072B7CF /* PostPicturesViewModel.swift */,
				87B2060F2822021B0072B7CF /* EventContentModel.swift */,
				87123D9E283B737B0071F563 /* InviteUidModel.swift */,
			);
			path = Event;
			sourceTree = "<group>";
		};
		87FFFCE027EE667B00E64F1D /* Components */ = {
			isa = PBXGroup;
			children = (
			);
			path = Components;
			sourceTree = "<group>";
		};
		87FFFCE127EE669700E64F1D /* Contacts */ = {
			isa = PBXGroup;
			children = (
				87FFFCE227EE66AB00E64F1D /* ContactsView.swift */,
				87C2ADC62800B2760031D5D9 /* UserContactsView.swift */,
			);
			path = Contacts;
			sourceTree = "<group>";
		};
		87FFFCEA27F235E600E64F1D /* Components */ = {
			isa = PBXGroup;
			children = (
				87F905E72811B6E100993128 /* SupportView.swift */,
				87F905E92811C01300993128 /* ComponentsSupportView */,
				87FFFCEB27F2E5AB00E64F1D /* ProfileSettingsView.swift */,
				87FFFCF027F628D700E64F1D /* Components_ProfileSettingsView */,
			);
			path = Components;
			sourceTree = "<group>";
		};
		87FFFCF027F628D700E64F1D /* Components_ProfileSettingsView */ = {
			isa = PBXGroup;
			children = (
				8760E56F27FB6B3200A7D240 /* ProfileSettingsViewTabView.swift */,
				8760E57127FC781D00A7D240 /* ProfileSettingsViewProfileHeader.swift */,
				87F905EC2814BA9000993128 /* ProfileSettingsTextEditField.swift */,
			);
			path = Components_ProfileSettingsView;
			sourceTree = "<group>";
		};
		DC3AA6A52701F6A4002B2649 /* Models */ = {
			isa = PBXGroup;
			children = (
				875A74A7277E1DFF00F6B59D /* Post */,
				875A74A6277E1DF400F6B59D /* User */,
				874C956F274FAE6C00466D22 /* Error */,
			);
			path = Models;
			sourceTree = "<group>";
		};
		DC3AA6A62701F6B9002B2649 /* Views */ = {
			isa = PBXGroup;
			children = (
				DC3AA794272B4C91002B2649 /* Sign */,
				876294182795B97B007195BD /* Settings */,
				87FFFCE127EE669700E64F1D /* Contacts */,
				877C3CC0278EEAAA00D59EEC /* Notification */,
				877C3CBD278EE47500D59EEC /* Posts */,
				8767DDF627846FA9008E4B55 /* Event */,
				873E23C9277A1B7B00CAE2E1 /* Add */,
				8739106A27678DE500D6D090 /* Tab */,
				873910702767929200D6D090 /* Social */,
				87356026276107730028E945 /* Error */,
				87700E1427E52D9400841E5B /* User */,
				873560252761073B0028E945 /* Profile */,
			);
			name = Views;
			path = Views/Views;
			sourceTree = "<group>";
		};
		DC3AA6E5270B0CDC002B2649 /* Main */ = {
			isa = PBXGroup;
			children = (
				DCE6058B2701D9C600D6ADB8 /* GroupicApp.swift */,
				87356027276107890028E945 /* Content */,
				87929091274CEF7C00B534C9 /* AppDelegateUIKit */,
			);
			path = Main;
			sourceTree = "<group>";
		};
		DC3AA6F6270B6E42002B2649 /* Components */ = {
			isa = PBXGroup;
			children = (
				DC3AA78F272B4BD7002B2649 /* Fields */,
			);
			path = Components;
			sourceTree = "<group>";
		};
		DC3AA78F272B4BD7002B2649 /* Fields */ = {
			isa = PBXGroup;
			children = (
				DC3AA702270BA182002B2649 /* SecureTextEditField.swift */,
				87C2ADE1280497E10031D5D9 /* TextEditField.swift */,
				87B205FC281DBDB70072B7CF /* TextEditFieldBlack.swift */,
			);
			path = Fields;
			sourceTree = "<group>";
		};
		DC3AA794272B4C91002B2649 /* Sign */ = {
			isa = PBXGroup;
			children = (
				87B45EDD28089BDA001F1FEA /* Verification */,
				87C2ADDB28048BD90031D5D9 /* In */,
				87C2ADDC28048BF50031D5D9 /* Up */,
				DC3AA6F6270B6E42002B2649 /* Components */,
			);
			path = Sign;
			sourceTree = "<group>";
		};
		DCE6057F2701D9C500D6ADB8 = {
			isa = PBXGroup;
			children = (
				DCE6058A2701D9C500D6ADB8 /* Groupic */,
				DCE6059C2701D9CE00D6ADB8 /* GroupicTests */,
				DCE605A72701D9CE00D6ADB8 /* GroupicUITests */,
				DCE605892701D9C500D6ADB8 /* Products */,
				73530CF39D65B7BC29CC93D4 /* Pods */,
				55083DF83D2853EEDD98562B /* Frameworks */,
			);
			sourceTree = "<group>";
		};
		DCE605892701D9C500D6ADB8 /* Products */ = {
			isa = PBXGroup;
			children = (
				DCE605882701D9C500D6ADB8 /* Groupic.app */,
				DCE605992701D9CE00D6ADB8 /* GroupicTests.xctest */,
				DCE605A42701D9CE00D6ADB8 /* GroupicUITests.xctest */,
			);
			name = Products;
			sourceTree = "<group>";
		};
		DCE6058A2701D9C500D6ADB8 /* Groupic */ = {
			isa = PBXGroup;
			children = (
				87FFFCD927EE118D00E64F1D /* SaveFile.swift */,
				87535A032791E2DC0064EB0C /* Animations */,
				DC3AA6E5270B0CDC002B2649 /* Main */,
				87929094274D087400B534C9 /* Services */,
				8726C8DF274BE955006AF1DB /* Utilities */,
				DC3AA6A52701F6A4002B2649 /* Models */,
				DC3AA6A62701F6B9002B2649 /* Views */,
				87FA47522767F28800D0703D /* GoogleService-Info.plist */,
				DCE6058F2701D9CD00D6ADB8 /* Assets.xcassets */,
				DCE605942701D9CD00D6ADB8 /* Info.plist */,
				DCE605912701D9CD00D6ADB8 /* Preview Content */,
			);
			path = Groupic;
			sourceTree = "<group>";
		};
		DCE605912701D9CD00D6ADB8 /* Preview Content */ = {
			isa = PBXGroup;
			children = (
				DCE605922701D9CD00D6ADB8 /* Preview Assets.xcassets */,
			);
			path = "Preview Content";
			sourceTree = "<group>";
		};
		DCE6059C2701D9CE00D6ADB8 /* GroupicTests */ = {
			isa = PBXGroup;
			children = (
				DCE6059D2701D9CE00D6ADB8 /* GroupicTests.swift */,
				DCE6059F2701D9CE00D6ADB8 /* Info.plist */,
			);
			path = GroupicTests;
			sourceTree = "<group>";
		};
		DCE605A72701D9CE00D6ADB8 /* GroupicUITests */ = {
			isa = PBXGroup;
			children = (
				DCE605A82701D9CE00D6ADB8 /* GroupicUITests.swift */,
				DCE605AA2701D9CE00D6ADB8 /* Info.plist */,
			);
			path = GroupicUITests;
			sourceTree = "<group>";
		};
/* End PBXGroup section */

/* Begin PBXNativeTarget section */
		DCE605872701D9C500D6ADB8 /* Groupic */ = {
			isa = PBXNativeTarget;
			buildConfigurationList = DCE605AD2701D9CE00D6ADB8 /* Build configuration list for PBXNativeTarget "Groupic" */;
			buildPhases = (
				EA59E6D65EA191CCF67B1AA8 /* [CP] Check Pods Manifest.lock */,
				DCE605842701D9C500D6ADB8 /* Sources */,
				DCE605852701D9C500D6ADB8 /* Frameworks */,
				DCE605862701D9C500D6ADB8 /* Resources */,
				595176FB7E7F4EA4355BCAFD /* [CP] Embed Pods Frameworks */,
			);
			buildRules = (
			);
			dependencies = (
			);
			name = Groupic;
			productName = Groupic;
			productReference = DCE605882701D9C500D6ADB8 /* Groupic.app */;
			productType = "com.apple.product-type.application";
		};
		DCE605982701D9CE00D6ADB8 /* GroupicTests */ = {
			isa = PBXNativeTarget;
			buildConfigurationList = DCE605B02701D9CE00D6ADB8 /* Build configuration list for PBXNativeTarget "GroupicTests" */;
			buildPhases = (
				1DFBD256BE2B9E0B7791E2C4 /* [CP] Check Pods Manifest.lock */,
				DCE605952701D9CE00D6ADB8 /* Sources */,
				DCE605962701D9CE00D6ADB8 /* Frameworks */,
				DCE605972701D9CE00D6ADB8 /* Resources */,
			);
			buildRules = (
			);
			dependencies = (
				DCE6059B2701D9CE00D6ADB8 /* PBXTargetDependency */,
			);
			name = GroupicTests;
			productName = GroupicTests;
			productReference = DCE605992701D9CE00D6ADB8 /* GroupicTests.xctest */;
			productType = "com.apple.product-type.bundle.unit-test";
		};
		DCE605A32701D9CE00D6ADB8 /* GroupicUITests */ = {
			isa = PBXNativeTarget;
			buildConfigurationList = DCE605B32701D9CE00D6ADB8 /* Build configuration list for PBXNativeTarget "GroupicUITests" */;
			buildPhases = (
				DF95AECF9DE50E63E2860E93 /* [CP] Check Pods Manifest.lock */,
				DCE605A02701D9CE00D6ADB8 /* Sources */,
				DCE605A12701D9CE00D6ADB8 /* Frameworks */,
				DCE605A22701D9CE00D6ADB8 /* Resources */,
				78F813E4DD7F16B656D471A8 /* [CP] Embed Pods Frameworks */,
			);
			buildRules = (
			);
			dependencies = (
				DCE605A62701D9CE00D6ADB8 /* PBXTargetDependency */,
			);
			name = GroupicUITests;
			productName = GroupicUITests;
			productReference = DCE605A42701D9CE00D6ADB8 /* GroupicUITests.xctest */;
			productType = "com.apple.product-type.bundle.ui-testing";
		};
/* End PBXNativeTarget section */

/* Begin PBXProject section */
		DCE605802701D9C500D6ADB8 /* Project object */ = {
			isa = PBXProject;
			attributes = {
				LastSwiftUpdateCheck = 1240;
				LastUpgradeCheck = 1240;
				TargetAttributes = {
					DCE605872701D9C500D6ADB8 = {
						CreatedOnToolsVersion = 12.4;
					};
					DCE605982701D9CE00D6ADB8 = {
						CreatedOnToolsVersion = 12.4;
						TestTargetID = DCE605872701D9C500D6ADB8;
					};
					DCE605A32701D9CE00D6ADB8 = {
						CreatedOnToolsVersion = 12.4;
						TestTargetID = DCE605872701D9C500D6ADB8;
					};
				};
			};
			buildConfigurationList = DCE605832701D9C500D6ADB8 /* Build configuration list for PBXProject "Groupic" */;
			compatibilityVersion = "Xcode 9.3";
			developmentRegion = en;
			hasScannedForEncodings = 0;
			knownRegions = (
				en,
				Base,
			);
			mainGroup = DCE6057F2701D9C500D6ADB8;
			productRefGroup = DCE605892701D9C500D6ADB8 /* Products */;
			projectDirPath = "";
			projectRoot = "";
			targets = (
				DCE605872701D9C500D6ADB8 /* Groupic */,
				DCE605982701D9CE00D6ADB8 /* GroupicTests */,
				DCE605A32701D9CE00D6ADB8 /* GroupicUITests */,
			);
		};
/* End PBXProject section */

/* Begin PBXResourcesBuildPhase section */
		DCE605862701D9C500D6ADB8 /* Resources */ = {
			isa = PBXResourcesBuildPhase;
			buildActionMask = 2147483647;
			files = (
				DCE605932701D9CD00D6ADB8 /* Preview Assets.xcassets in Resources */,
				DCE605902701D9CD00D6ADB8 /* Assets.xcassets in Resources */,
				87FA47532767F28800D0703D /* GoogleService-Info.plist in Resources */,
			);
			runOnlyForDeploymentPostprocessing = 0;
		};
		DCE605972701D9CE00D6ADB8 /* Resources */ = {
			isa = PBXResourcesBuildPhase;
			buildActionMask = 2147483647;
			files = (
			);
			runOnlyForDeploymentPostprocessing = 0;
		};
		DCE605A22701D9CE00D6ADB8 /* Resources */ = {
			isa = PBXResourcesBuildPhase;
			buildActionMask = 2147483647;
			files = (
			);
			runOnlyForDeploymentPostprocessing = 0;
		};
/* End PBXResourcesBuildPhase section */

/* Begin PBXShellScriptBuildPhase section */
		1DFBD256BE2B9E0B7791E2C4 /* [CP] Check Pods Manifest.lock */ = {
			isa = PBXShellScriptBuildPhase;
			buildActionMask = 2147483647;
			files = (
			);
			inputFileListPaths = (
			);
			inputPaths = (
				"${PODS_PODFILE_DIR_PATH}/Podfile.lock",
				"${PODS_ROOT}/Manifest.lock",
			);
			name = "[CP] Check Pods Manifest.lock";
			outputFileListPaths = (
			);
			outputPaths = (
				"$(DERIVED_FILE_DIR)/Pods-GroupicTests-checkManifestLockResult.txt",
			);
			runOnlyForDeploymentPostprocessing = 0;
			shellPath = /bin/sh;
			shellScript = "diff \"${PODS_PODFILE_DIR_PATH}/Podfile.lock\" \"${PODS_ROOT}/Manifest.lock\" > /dev/null\nif [ $? != 0 ] ; then\n    # print error to STDERR\n    echo \"error: The sandbox is not in sync with the Podfile.lock. Run 'pod install' or update your CocoaPods installation.\" >&2\n    exit 1\nfi\n# This output is used by Xcode 'outputs' to avoid re-running this script phase.\necho \"SUCCESS\" > \"${SCRIPT_OUTPUT_FILE_0}\"\n";
			showEnvVarsInLog = 0;
		};
		595176FB7E7F4EA4355BCAFD /* [CP] Embed Pods Frameworks */ = {
			isa = PBXShellScriptBuildPhase;
			buildActionMask = 2147483647;
			files = (
			);
			inputFileListPaths = (
				"${PODS_ROOT}/Target Support Files/Pods-Groupic/Pods-Groupic-frameworks-${CONFIGURATION}-input-files.xcfilelist",
			);
			name = "[CP] Embed Pods Frameworks";
			outputFileListPaths = (
				"${PODS_ROOT}/Target Support Files/Pods-Groupic/Pods-Groupic-frameworks-${CONFIGURATION}-output-files.xcfilelist",
			);
			runOnlyForDeploymentPostprocessing = 0;
			shellPath = /bin/sh;
			shellScript = "\"${PODS_ROOT}/Target Support Files/Pods-Groupic/Pods-Groupic-frameworks.sh\"\n";
			showEnvVarsInLog = 0;
		};
		78F813E4DD7F16B656D471A8 /* [CP] Embed Pods Frameworks */ = {
			isa = PBXShellScriptBuildPhase;
			buildActionMask = 2147483647;
			files = (
			);
			inputFileListPaths = (
				"${PODS_ROOT}/Target Support Files/Pods-Groupic-GroupicUITests/Pods-Groupic-GroupicUITests-frameworks-${CONFIGURATION}-input-files.xcfilelist",
			);
			name = "[CP] Embed Pods Frameworks";
			outputFileListPaths = (
				"${PODS_ROOT}/Target Support Files/Pods-Groupic-GroupicUITests/Pods-Groupic-GroupicUITests-frameworks-${CONFIGURATION}-output-files.xcfilelist",
			);
			runOnlyForDeploymentPostprocessing = 0;
			shellPath = /bin/sh;
			shellScript = "\"${PODS_ROOT}/Target Support Files/Pods-Groupic-GroupicUITests/Pods-Groupic-GroupicUITests-frameworks.sh\"\n";
			showEnvVarsInLog = 0;
		};
		DF95AECF9DE50E63E2860E93 /* [CP] Check Pods Manifest.lock */ = {
			isa = PBXShellScriptBuildPhase;
			buildActionMask = 2147483647;
			files = (
			);
			inputFileListPaths = (
			);
			inputPaths = (
				"${PODS_PODFILE_DIR_PATH}/Podfile.lock",
				"${PODS_ROOT}/Manifest.lock",
			);
			name = "[CP] Check Pods Manifest.lock";
			outputFileListPaths = (
			);
			outputPaths = (
				"$(DERIVED_FILE_DIR)/Pods-Groupic-GroupicUITests-checkManifestLockResult.txt",
			);
			runOnlyForDeploymentPostprocessing = 0;
			shellPath = /bin/sh;
			shellScript = "diff \"${PODS_PODFILE_DIR_PATH}/Podfile.lock\" \"${PODS_ROOT}/Manifest.lock\" > /dev/null\nif [ $? != 0 ] ; then\n    # print error to STDERR\n    echo \"error: The sandbox is not in sync with the Podfile.lock. Run 'pod install' or update your CocoaPods installation.\" >&2\n    exit 1\nfi\n# This output is used by Xcode 'outputs' to avoid re-running this script phase.\necho \"SUCCESS\" > \"${SCRIPT_OUTPUT_FILE_0}\"\n";
			showEnvVarsInLog = 0;
		};
		EA59E6D65EA191CCF67B1AA8 /* [CP] Check Pods Manifest.lock */ = {
			isa = PBXShellScriptBuildPhase;
			buildActionMask = 2147483647;
			files = (
			);
			inputFileListPaths = (
			);
			inputPaths = (
				"${PODS_PODFILE_DIR_PATH}/Podfile.lock",
				"${PODS_ROOT}/Manifest.lock",
			);
			name = "[CP] Check Pods Manifest.lock";
			outputFileListPaths = (
			);
			outputPaths = (
				"$(DERIVED_FILE_DIR)/Pods-Groupic-checkManifestLockResult.txt",
			);
			runOnlyForDeploymentPostprocessing = 0;
			shellPath = /bin/sh;
			shellScript = "diff \"${PODS_PODFILE_DIR_PATH}/Podfile.lock\" \"${PODS_ROOT}/Manifest.lock\" > /dev/null\nif [ $? != 0 ] ; then\n    # print error to STDERR\n    echo \"error: The sandbox is not in sync with the Podfile.lock. Run 'pod install' or update your CocoaPods installation.\" >&2\n    exit 1\nfi\n# This output is used by Xcode 'outputs' to avoid re-running this script phase.\necho \"SUCCESS\" > \"${SCRIPT_OUTPUT_FILE_0}\"\n";
			showEnvVarsInLog = 0;
		};
/* End PBXShellScriptBuildPhase section */

/* Begin PBXSourcesBuildPhase section */
		DCE605842701D9C500D6ADB8 /* Sources */ = {
			isa = PBXSourcesBuildPhase;
			buildActionMask = 2147483647;
			files = (
				8767DDF3278469F0008E4B55 /* ProfileHeader.swift in Sources */,
				DC3AA71E270BACD1002B2649 /* RegisterButton.swift in Sources */,
				87C2ADCB2801C4350031D5D9 /* HighlightPostView.swift in Sources */,
				87F905DD280B612400993128 /* ForgotPasswordView.swift in Sources */,
				87FFFCE927F22F0500E64F1D /* FutureUserPostView.swift in Sources */,
				876AF08E27E3AC5E00FEF21A /* FollowButton.swift in Sources */,
				87B20605282019E80072B7CF /* PostPicturesViewModel.swift in Sources */,
				877C3CBF278EE4D200D59EEC /* PostCardTest.swift in Sources */,
				87FFFCEC27F2E5AB00E64F1D /* ProfileSettingsView.swift in Sources */,
				87B205F228196CD20072B7CF /* ErrorSendEmailView.swift in Sources */,
				8755694C279F4D48002605FA /* MidTabBarView.swift in Sources */,
				879A9D022835E40900F7E98A /* AddContactsView.swift in Sources */,
				87F905E228107C4F00993128 /* AGBView.swift in Sources */,
				87123DAF283D827D0071F563 /* EventViewNoContactView.swift in Sources */,
				87B205FD281DBDB70072B7CF /* TextEditFieldBlack.swift in Sources */,
				87FFFCD627EE00D100E64F1D /* EventFollowService.swift in Sources */,
				87C2ADCD2801C48F0031D5D9 /* HighlightPostCardView.swift in Sources */,
				87C2ADCF2801D54B0031D5D9 /* HighlightButtonSwitched.swift in Sources */,
				87FFFCE327EE66AB00E64F1D /* ContactsView.swift in Sources */,
				8760E57027FB6B3200A7D240 /* ProfileSettingsViewTabView.swift in Sources */,
				87F905DF280E04B400993128 /* CheckBoxView.swift in Sources */,
				87B2060A282060020072B7CF /* HorizontalPicView.swift in Sources */,
				DC3AA6E7270B0CFD002B2649 /* AppDelegate.swift in Sources */,
				87C2ADD1280350DB0031D5D9 /* SocialUserPostView.swift in Sources */,
				8726C8E1274BE9BB006AF1DB /* ImagePicker.swift in Sources */,
				87123DA4283BAD750071F563 /* UserNotificationView.swift in Sources */,
				8738ECB827A1EEB0009A575A /* SocialEndView.swift in Sources */,
				873E23CC277A210500CAE2E1 /* PopUpButtonView.swift in Sources */,
				87700E1D27E668BF00841E5B /* UserMidTabBar.swift in Sources */,
				879A9D002835A30800F7E98A /* UidCheckUserModel.swift in Sources */,
				87B2060E2821E3090072B7CF /* EventContentView.swift in Sources */,
				87C2ADE2280497E10031D5D9 /* TextEditField.swift in Sources */,
				874C9601278C71D100E94A6E /* PostCardService.swift in Sources */,
				873E23C82779F25900CAE2E1 /* CustomTabView.swift in Sources */,
				875A74AB277E1F0E00F6B59D /* PostModel.swift in Sources */,
				87FFFCDA27EE118D00E64F1D /* SaveFile.swift in Sources */,
				87B205FB281DB2270072B7CF /* EventNameView.swift in Sources */,
				87123DA2283BAD5A0071F563 /* EventNotificationView.swift in Sources */,
				877C3CC5278EF74100D59EEC /* UserPostView.swift in Sources */,
				878EC9CA27614F6300639884 /* NotificationsView.swift in Sources */,
				87B45EDF28089BF0001F1FEA /* VerificationView.swift in Sources */,
				DC3AA6D5270A4601002B2649 /* ErrorView.swift in Sources */,
				87F905E428107C6400993128 /* DatenschutzView.swift in Sources */,
				8762941A2795B994007195BD /* SettingsView.swift in Sources */,
				87CAF00727FE110F002B4073 /* RegisterButtonNoPictures.swift in Sources */,
				87F905E628107E0900993128 /* WebView.swift in Sources */,
				87F905ED2814BA9000993128 /* ProfileSettingsTextEditField.swift in Sources */,
				8767DDF927846FC3008E4B55 /* EventView.swift in Sources */,
				876AF08C27E3804F00FEF21A /* FollowService.swift in Sources */,
				876585E1279F22FF005A3EFD /* Pictures.swift in Sources */,
				87123DAD283BD43D0071F563 /* EventCardEventContent.swift in Sources */,
				87700E1B27E6680A00841E5B /* SearchUserPostView.swift in Sources */,
				87700E2127E8D17C00841E5B /* UserPostCardView.swift in Sources */,
				8792909A274D097600B534C9 /* StorageService.swift in Sources */,
				DC3AA6A82701F6EB002B2649 /* LoginView.swift in Sources */,
				87929096274D08C000B534C9 /* AuthService.swift in Sources */,
				87123DA7283BBA4A0071F563 /* EventCard.swift in Sources */,
				87535A0A2791ED6F0064EB0C /* TabView.swift in Sources */,
				876585DF279F22E7005A3EFD /* Picture.swift in Sources */,
				87FFFCE527F0E3DB00E64F1D /* UidUserModel.swift in Sources */,
				87C2ADC52800B19D0031D5D9 /* FutureSearchUserPostView.swift in Sources */,
				DC3AA6B527021C90002B2649 /* ContentView.swift in Sources */,
				876A84A8282ACCFA007786A3 /* LayoutImages.swift in Sources */,
				87929093274CF35400B534C9 /* Extensions.swift in Sources */,
				87535A062791E3210064EB0C /* PulltoRefreshAnimationView.swift in Sources */,
				8742C0E4274EC91C008A3AAB /* FormViewModel.swift in Sources */,
				87B205F9281AE79C0072B7CF /* EventViewHeader.swift in Sources */,
				87123DA9283BCA0A0071F563 /* EventCardNotificationView.swift in Sources */,
				876AF08327DF7C4800FEF21A /* SearchService.swift in Sources */,
				87B2060728205B810072B7CF /* EventUserPicsView.swift in Sources */,
				87B205FF281F08A20072B7CF /* ChangeEventModeView.swift in Sources */,
				87B2061228235FA30072B7CF /* EventQuoteView.swift in Sources */,
				876585DB279F2290005A3EFD /* DropDownMenuView.swift in Sources */,
				8760E57527FC7FF800A7D240 /* BackImagePicker.swift in Sources */,
				879A9CFC28350BCF00F7E98A /* UserHighlightPostView.swift in Sources */,
				877C3CBC278EE08B00D59EEC /* ProfileService.swift in Sources */,
				87B2060C282142450072B7CF /* ImagePickerMultiple.swift in Sources */,
				87B205F6281A025C0072B7CF /* ReautheticationPasswordView.swift in Sources */,
				87700E1627E52DB100841E5B /* UserProfileView.swift in Sources */,
				87C2ADC92801B41B0031D5D9 /* HighlightButton.swift in Sources */,
				DC3AA751270CA480002B2649 /* UserModel.swift in Sources */,
				87F905E82811B6E100993128 /* SupportView.swift in Sources */,
				87123D9F283B737B0071F563 /* InviteUidModel.swift in Sources */,
				875A11C427930D00000E181F /* PostCardView.swift in Sources */,
				DC3AA6F2270B1E49002B2649 /* PersonInfoView.swift in Sources */,
				878655A6278383E700246351 /* PostService.swift in Sources */,
				DC3AA7802714D3A5002B2649 /* ProfileView.swift in Sources */,
				DCE6058C2701D9C600D6ADB8 /* GroupicApp.swift in Sources */,
				87C2ADD728035F4D0031D5D9 /* PostUidModel.swift in Sources */,
				87C2ADD32803541A0031D5D9 /* SocialPostCardView.swift in Sources */,
				87391072276792A400D6D090 /* SocialFriendsEventsView.swift in Sources */,
				878EC9C827614F2200639884 /* AddEventView.swift in Sources */,
				87700E2427E8D34300841E5B /* UserEventView.swift in Sources */,
				DC3AA78B27234D27002B2649 /* NextButton.swift in Sources */,
				8760E57227FC781D00A7D240 /* ProfileSettingsViewProfileHeader.swift in Sources */,
				DC3AA6CD270601C4002B2649 /* RegistrationView.swift in Sources */,
				87FFFCD827EE026600E64F1D /* EventService.swift in Sources */,
				87B205F02818A7300072B7CF /* VerificationReauthetificationView.swift in Sources */,
				877C3CC3278EEFBA00D59EEC /* PostCardBottomView.swift in Sources */,
				DC3AA7702714C365002B2649 /* SessionStore.swift in Sources */,
				876AF08927DF9CCB00FEF21A /* SearchBar.swift in Sources */,
				DC3AA7782714CBA9002B2649 /* LoginButton.swift in Sources */,
				87B206102822021B0072B7CF /* EventContentModel.swift in Sources */,
				87B205F4281982EC0072B7CF /* ReEmailView.swift in Sources */,
				87B20601281F279F0072B7CF /* DeleteEventView.swift in Sources */,
				872119D0283AD847005F760A /* AddShow.swift in Sources */,
				874C956E274FAE6700466D22 /* PasswordStatus.swift in Sources */,
				879A9CFE28350E2F00F7E98A /* UserFutureUserPostView.swift in Sources */,
				87CAF00527FE0FDC002B4073 /* PersonInfoViewNoPictures.swift in Sources */,
				876AF08627DF80DF00FEF21A /* UserProfile.swift in Sources */,
				87B205EE28186F1D0072B7CF /* ReautheticationView.swift in Sources */,
				876585DD279F22C0005A3EFD /* HorizontalView.swift in Sources */,
				87123D9D283B69780071F563 /* EventInviteButton.swift in Sources */,
				87C2ADD528035E130031D5D9 /* FollowEventButton.swift in Sources */,
				87700E1F27E67FC000841E5B /* UserTabView.swift in Sources */,
				87C2ADC72800B2760031D5D9 /* UserContactsView.swift in Sources */,
				87123DAB283BD3BE0071F563 /* EventCardEventUserPicsView.swift in Sources */,
				87700E1927E5324000841E5B /* UserProfileHeader.swift in Sources */,
				DC3AA703270BA182002B2649 /* SecureTextEditField.swift in Sources */,
			);
			runOnlyForDeploymentPostprocessing = 0;
		};
		DCE605952701D9CE00D6ADB8 /* Sources */ = {
			isa = PBXSourcesBuildPhase;
			buildActionMask = 2147483647;
			files = (
				DCE6059E2701D9CE00D6ADB8 /* GroupicTests.swift in Sources */,
			);
			runOnlyForDeploymentPostprocessing = 0;
		};
		DCE605A02701D9CE00D6ADB8 /* Sources */ = {
			isa = PBXSourcesBuildPhase;
			buildActionMask = 2147483647;
			files = (
				DCE605A92701D9CE00D6ADB8 /* GroupicUITests.swift in Sources */,
			);
			runOnlyForDeploymentPostprocessing = 0;
		};
/* End PBXSourcesBuildPhase section */

/* Begin PBXTargetDependency section */
		DCE6059B2701D9CE00D6ADB8 /* PBXTargetDependency */ = {
			isa = PBXTargetDependency;
			target = DCE605872701D9C500D6ADB8 /* Groupic */;
			targetProxy = DCE6059A2701D9CE00D6ADB8 /* PBXContainerItemProxy */;
		};
		DCE605A62701D9CE00D6ADB8 /* PBXTargetDependency */ = {
			isa = PBXTargetDependency;
			target = DCE605872701D9C500D6ADB8 /* Groupic */;
			targetProxy = DCE605A52701D9CE00D6ADB8 /* PBXContainerItemProxy */;
		};
/* End PBXTargetDependency section */

/* Begin XCBuildConfiguration section */
		DCE605AB2701D9CE00D6ADB8 /* Debug */ = {
			isa = XCBuildConfiguration;
			buildSettings = {
				ALWAYS_SEARCH_USER_PATHS = NO;
				CLANG_ANALYZER_NONNULL = YES;
				CLANG_ANALYZER_NUMBER_OBJECT_CONVERSION = YES_AGGRESSIVE;
				CLANG_CXX_LANGUAGE_STANDARD = "gnu++14";
				CLANG_CXX_LIBRARY = "libc++";
				CLANG_ENABLE_MODULES = YES;
				CLANG_ENABLE_OBJC_ARC = YES;
				CLANG_ENABLE_OBJC_WEAK = YES;
				CLANG_WARN_BLOCK_CAPTURE_AUTORELEASING = YES;
				CLANG_WARN_BOOL_CONVERSION = YES;
				CLANG_WARN_COMMA = YES;
				CLANG_WARN_CONSTANT_CONVERSION = YES;
				CLANG_WARN_DEPRECATED_OBJC_IMPLEMENTATIONS = YES;
				CLANG_WARN_DIRECT_OBJC_ISA_USAGE = YES_ERROR;
				CLANG_WARN_DOCUMENTATION_COMMENTS = YES;
				CLANG_WARN_EMPTY_BODY = YES;
				CLANG_WARN_ENUM_CONVERSION = YES;
				CLANG_WARN_INFINITE_RECURSION = YES;
				CLANG_WARN_INT_CONVERSION = YES;
				CLANG_WARN_NON_LITERAL_NULL_CONVERSION = YES;
				CLANG_WARN_OBJC_IMPLICIT_RETAIN_SELF = YES;
				CLANG_WARN_OBJC_LITERAL_CONVERSION = YES;
				CLANG_WARN_OBJC_ROOT_CLASS = YES_ERROR;
				CLANG_WARN_QUOTED_INCLUDE_IN_FRAMEWORK_HEADER = YES;
				CLANG_WARN_RANGE_LOOP_ANALYSIS = YES;
				CLANG_WARN_STRICT_PROTOTYPES = YES;
				CLANG_WARN_SUSPICIOUS_MOVE = YES;
				CLANG_WARN_UNGUARDED_AVAILABILITY = YES_AGGRESSIVE;
				CLANG_WARN_UNREACHABLE_CODE = YES;
				CLANG_WARN__DUPLICATE_METHOD_MATCH = YES;
				COPY_PHASE_STRIP = NO;
				DEBUG_INFORMATION_FORMAT = dwarf;
				ENABLE_STRICT_OBJC_MSGSEND = YES;
				ENABLE_TESTABILITY = YES;
				GCC_C_LANGUAGE_STANDARD = gnu11;
				GCC_DYNAMIC_NO_PIC = NO;
				GCC_NO_COMMON_BLOCKS = YES;
				GCC_OPTIMIZATION_LEVEL = 0;
				GCC_PREPROCESSOR_DEFINITIONS = (
					"DEBUG=1",
					"$(inherited)",
				);
				GCC_WARN_64_TO_32_BIT_CONVERSION = YES;
				GCC_WARN_ABOUT_RETURN_TYPE = YES_ERROR;
				GCC_WARN_UNDECLARED_SELECTOR = YES;
				GCC_WARN_UNINITIALIZED_AUTOS = YES_AGGRESSIVE;
				GCC_WARN_UNUSED_FUNCTION = YES;
				GCC_WARN_UNUSED_VARIABLE = YES;
				IPHONEOS_DEPLOYMENT_TARGET = 14.0;
				MTL_ENABLE_DEBUG_INFO = INCLUDE_SOURCE;
				MTL_FAST_MATH = YES;
				ONLY_ACTIVE_ARCH = YES;
				SDKROOT = iphoneos;
				SWIFT_ACTIVE_COMPILATION_CONDITIONS = DEBUG;
				SWIFT_OPTIMIZATION_LEVEL = "-Onone";
			};
			name = Debug;
		};
		DCE605AC2701D9CE00D6ADB8 /* Release */ = {
			isa = XCBuildConfiguration;
			buildSettings = {
				ALWAYS_SEARCH_USER_PATHS = NO;
				CLANG_ANALYZER_NONNULL = YES;
				CLANG_ANALYZER_NUMBER_OBJECT_CONVERSION = YES_AGGRESSIVE;
				CLANG_CXX_LANGUAGE_STANDARD = "gnu++14";
				CLANG_CXX_LIBRARY = "libc++";
				CLANG_ENABLE_MODULES = YES;
				CLANG_ENABLE_OBJC_ARC = YES;
				CLANG_ENABLE_OBJC_WEAK = YES;
				CLANG_WARN_BLOCK_CAPTURE_AUTORELEASING = YES;
				CLANG_WARN_BOOL_CONVERSION = YES;
				CLANG_WARN_COMMA = YES;
				CLANG_WARN_CONSTANT_CONVERSION = YES;
				CLANG_WARN_DEPRECATED_OBJC_IMPLEMENTATIONS = YES;
				CLANG_WARN_DIRECT_OBJC_ISA_USAGE = YES_ERROR;
				CLANG_WARN_DOCUMENTATION_COMMENTS = YES;
				CLANG_WARN_EMPTY_BODY = YES;
				CLANG_WARN_ENUM_CONVERSION = YES;
				CLANG_WARN_INFINITE_RECURSION = YES;
				CLANG_WARN_INT_CONVERSION = YES;
				CLANG_WARN_NON_LITERAL_NULL_CONVERSION = YES;
				CLANG_WARN_OBJC_IMPLICIT_RETAIN_SELF = YES;
				CLANG_WARN_OBJC_LITERAL_CONVERSION = YES;
				CLANG_WARN_OBJC_ROOT_CLASS = YES_ERROR;
				CLANG_WARN_QUOTED_INCLUDE_IN_FRAMEWORK_HEADER = YES;
				CLANG_WARN_RANGE_LOOP_ANALYSIS = YES;
				CLANG_WARN_STRICT_PROTOTYPES = YES;
				CLANG_WARN_SUSPICIOUS_MOVE = YES;
				CLANG_WARN_UNGUARDED_AVAILABILITY = YES_AGGRESSIVE;
				CLANG_WARN_UNREACHABLE_CODE = YES;
				CLANG_WARN__DUPLICATE_METHOD_MATCH = YES;
				COPY_PHASE_STRIP = NO;
				DEBUG_INFORMATION_FORMAT = "dwarf-with-dsym";
				ENABLE_NS_ASSERTIONS = NO;
				ENABLE_STRICT_OBJC_MSGSEND = YES;
				GCC_C_LANGUAGE_STANDARD = gnu11;
				GCC_NO_COMMON_BLOCKS = YES;
				GCC_WARN_64_TO_32_BIT_CONVERSION = YES;
				GCC_WARN_ABOUT_RETURN_TYPE = YES_ERROR;
				GCC_WARN_UNDECLARED_SELECTOR = YES;
				GCC_WARN_UNINITIALIZED_AUTOS = YES_AGGRESSIVE;
				GCC_WARN_UNUSED_FUNCTION = YES;
				GCC_WARN_UNUSED_VARIABLE = YES;
				IPHONEOS_DEPLOYMENT_TARGET = 14.0;
				MTL_ENABLE_DEBUG_INFO = NO;
				MTL_FAST_MATH = YES;
				SDKROOT = iphoneos;
				SWIFT_COMPILATION_MODE = wholemodule;
				SWIFT_OPTIMIZATION_LEVEL = "-O";
				VALIDATE_PRODUCT = YES;
			};
			name = Release;
		};
		DCE605AE2701D9CE00D6ADB8 /* Debug */ = {
			isa = XCBuildConfiguration;
			baseConfigurationReference = 7E392645728E5A3FF674CDD4 /* Pods-Groupic.debug.xcconfig */;
			buildSettings = {
				ASSETCATALOG_COMPILER_APPICON_NAME = AppIcon;
				ASSETCATALOG_COMPILER_GLOBAL_ACCENT_COLOR_NAME = AccentColor;
				CODE_SIGN_STYLE = Automatic;
				DEVELOPMENT_ASSET_PATHS = "\"Groupic/Preview Content\"";
				DEVELOPMENT_TEAM = L7SU6SKQJF;
				ENABLE_PREVIEWS = YES;
				INFOPLIST_FILE = Groupic/Info.plist;
				IPHONEOS_DEPLOYMENT_TARGET = 14.0;
				LD_RUNPATH_SEARCH_PATHS = (
					"$(inherited)",
					"@executable_path/Frameworks",
				);
				PRODUCT_BUNDLE_IDENTIFIER = GroupicProjekt.Groupic;
				PRODUCT_NAME = "$(TARGET_NAME)";
				SWIFT_VERSION = 5.0;
				TARGETED_DEVICE_FAMILY = "1,2";
			};
			name = Debug;
		};
		DCE605AF2701D9CE00D6ADB8 /* Release */ = {
			isa = XCBuildConfiguration;
			baseConfigurationReference = 115A53D7C3EE7734643811AE /* Pods-Groupic.release.xcconfig */;
			buildSettings = {
				ASSETCATALOG_COMPILER_APPICON_NAME = AppIcon;
				ASSETCATALOG_COMPILER_GLOBAL_ACCENT_COLOR_NAME = AccentColor;
				CODE_SIGN_STYLE = Automatic;
				DEVELOPMENT_ASSET_PATHS = "\"Groupic/Preview Content\"";
				DEVELOPMENT_TEAM = L7SU6SKQJF;
				ENABLE_PREVIEWS = YES;
				INFOPLIST_FILE = Groupic/Info.plist;
				IPHONEOS_DEPLOYMENT_TARGET = 14.0;
				LD_RUNPATH_SEARCH_PATHS = (
					"$(inherited)",
					"@executable_path/Frameworks",
				);
				PRODUCT_BUNDLE_IDENTIFIER = GroupicProjekt.Groupic;
				PRODUCT_NAME = "$(TARGET_NAME)";
				SWIFT_VERSION = 5.0;
				TARGETED_DEVICE_FAMILY = "1,2";
			};
			name = Release;
		};
		DCE605B12701D9CE00D6ADB8 /* Debug */ = {
			isa = XCBuildConfiguration;
			baseConfigurationReference = 7A4B11310F5D95A4A99EAF38 /* Pods-GroupicTests.debug.xcconfig */;
			buildSettings = {
				ALWAYS_EMBED_SWIFT_STANDARD_LIBRARIES = YES;
				BUNDLE_LOADER = "$(TEST_HOST)";
				CODE_SIGN_STYLE = Automatic;
				INFOPLIST_FILE = GroupicTests/Info.plist;
				IPHONEOS_DEPLOYMENT_TARGET = 14.0;
				LD_RUNPATH_SEARCH_PATHS = (
					"$(inherited)",
					"@executable_path/Frameworks",
					"@loader_path/Frameworks",
				);
				PRODUCT_BUNDLE_IDENTIFIER = GroupicProjekt.GroupicTests;
				PRODUCT_NAME = "$(TARGET_NAME)";
				SWIFT_VERSION = 5.0;
				TARGETED_DEVICE_FAMILY = "1,2";
				TEST_HOST = "$(BUILT_PRODUCTS_DIR)/Groupic.app/Groupic";
			};
			name = Debug;
		};
		DCE605B22701D9CE00D6ADB8 /* Release */ = {
			isa = XCBuildConfiguration;
			baseConfigurationReference = 143C49510A57222A501BAA7B /* Pods-GroupicTests.release.xcconfig */;
			buildSettings = {
				ALWAYS_EMBED_SWIFT_STANDARD_LIBRARIES = YES;
				BUNDLE_LOADER = "$(TEST_HOST)";
				CODE_SIGN_STYLE = Automatic;
				INFOPLIST_FILE = GroupicTests/Info.plist;
				IPHONEOS_DEPLOYMENT_TARGET = 14.0;
				LD_RUNPATH_SEARCH_PATHS = (
					"$(inherited)",
					"@executable_path/Frameworks",
					"@loader_path/Frameworks",
				);
				PRODUCT_BUNDLE_IDENTIFIER = GroupicProjekt.GroupicTests;
				PRODUCT_NAME = "$(TARGET_NAME)";
				SWIFT_VERSION = 5.0;
				TARGETED_DEVICE_FAMILY = "1,2";
				TEST_HOST = "$(BUILT_PRODUCTS_DIR)/Groupic.app/Groupic";
			};
			name = Release;
		};
		DCE605B42701D9CE00D6ADB8 /* Debug */ = {
			isa = XCBuildConfiguration;
			baseConfigurationReference = 814CEF92704BB099A4DCD1B5 /* Pods-Groupic-GroupicUITests.debug.xcconfig */;
			buildSettings = {
				ALWAYS_EMBED_SWIFT_STANDARD_LIBRARIES = YES;
				CODE_SIGN_STYLE = Automatic;
				INFOPLIST_FILE = GroupicUITests/Info.plist;
				LD_RUNPATH_SEARCH_PATHS = (
					"$(inherited)",
					"@executable_path/Frameworks",
					"@loader_path/Frameworks",
				);
				PRODUCT_BUNDLE_IDENTIFIER = GroupicProjekt.GroupicUITests;
				PRODUCT_NAME = "$(TARGET_NAME)";
				SWIFT_VERSION = 5.0;
				TARGETED_DEVICE_FAMILY = "1,2";
				TEST_TARGET_NAME = Groupic;
			};
			name = Debug;
		};
		DCE605B52701D9CE00D6ADB8 /* Release */ = {
			isa = XCBuildConfiguration;
			baseConfigurationReference = 7099882379B6975C720F54F5 /* Pods-Groupic-GroupicUITests.release.xcconfig */;
			buildSettings = {
				ALWAYS_EMBED_SWIFT_STANDARD_LIBRARIES = YES;
				CODE_SIGN_STYLE = Automatic;
				INFOPLIST_FILE = GroupicUITests/Info.plist;
				LD_RUNPATH_SEARCH_PATHS = (
					"$(inherited)",
					"@executable_path/Frameworks",
					"@loader_path/Frameworks",
				);
				PRODUCT_BUNDLE_IDENTIFIER = GroupicProjekt.GroupicUITests;
				PRODUCT_NAME = "$(TARGET_NAME)";
				SWIFT_VERSION = 5.0;
				TARGETED_DEVICE_FAMILY = "1,2";
				TEST_TARGET_NAME = Groupic;
			};
			name = Release;
		};
/* End XCBuildConfiguration section */

/* Begin XCConfigurationList section */
		DCE605832701D9C500D6ADB8 /* Build configuration list for PBXProject "Groupic" */ = {
			isa = XCConfigurationList;
			buildConfigurations = (
				DCE605AB2701D9CE00D6ADB8 /* Debug */,
				DCE605AC2701D9CE00D6ADB8 /* Release */,
			);
			defaultConfigurationIsVisible = 0;
			defaultConfigurationName = Release;
		};
		DCE605AD2701D9CE00D6ADB8 /* Build configuration list for PBXNativeTarget "Groupic" */ = {
			isa = XCConfigurationList;
			buildConfigurations = (
				DCE605AE2701D9CE00D6ADB8 /* Debug */,
				DCE605AF2701D9CE00D6ADB8 /* Release */,
			);
			defaultConfigurationIsVisible = 0;
			defaultConfigurationName = Release;
		};
		DCE605B02701D9CE00D6ADB8 /* Build configuration list for PBXNativeTarget "GroupicTests" */ = {
			isa = XCConfigurationList;
			buildConfigurations = (
				DCE605B12701D9CE00D6ADB8 /* Debug */,
				DCE605B22701D9CE00D6ADB8 /* Release */,
			);
			defaultConfigurationIsVisible = 0;
			defaultConfigurationName = Release;
		};
		DCE605B32701D9CE00D6ADB8 /* Build configuration list for PBXNativeTarget "GroupicUITests" */ = {
			isa = XCConfigurationList;
			buildConfigurations = (
				DCE605B42701D9CE00D6ADB8 /* Debug */,
				DCE605B52701D9CE00D6ADB8 /* Release */,
			);
			defaultConfigurationIsVisible = 0;
			defaultConfigurationName = Release;
		};
/* End XCConfigurationList section */
	};
	rootObject = DCE605802701D9C500D6ADB8 /* Project object */;
}
